// !$*UTF8*$!
{
	archiveVersion = 1;
	classes = {
	};
	objectVersion = 54;
	objects = {

/* Begin PBXBuildFile section */
		058557D9273AAEEB004C7B11 /* Preview Assets.xcassets in Resources */ = {isa = PBXBuildFile; fileRef = 058557D8273AAEEB004C7B11 /* Preview Assets.xcassets */; };
		0D012DF52B477D1D00658153 /* gRPCCertificates-Cpp.bundle in Resources */ = {isa = PBXBuildFile; fileRef = 0D012DD22B477D1900658153 /* gRPCCertificates-Cpp.bundle */; };
		0D012DF62B477D1D00658153 /* GoogleSignIn.bundle in Resources */ = {isa = PBXBuildFile; fileRef = 0D012DF12B477D1D00658153 /* GoogleSignIn.bundle */; };
		0D012DF72B477D7E00658153 /* abseil.xcframework in Frameworks */ = {isa = PBXBuildFile; fileRef = 0D012DDB2B477D1900658153 /* abseil.xcframework */; };
		0D012DF92B477D7E00658153 /* AppAuth.xcframework in Frameworks */ = {isa = PBXBuildFile; fileRef = 0D012DEF2B477D1D00658153 /* AppAuth.xcframework */; };
		0D012DFB2B477D7E00658153 /* BoringSSL-GRPC.xcframework in Frameworks */ = {isa = PBXBuildFile; fileRef = 0D012DD72B477D1900658153 /* BoringSSL-GRPC.xcframework */; };
		0D012DFD2B477D7E00658153 /* FBLPromises.xcframework in Frameworks */ = {isa = PBXBuildFile; fileRef = 0D012DE52B477D1C00658153 /* FBLPromises.xcframework */; };
		0D012DFF2B477D7E00658153 /* FirebaseABTesting.xcframework in Frameworks */ = {isa = PBXBuildFile; fileRef = 0D012DED2B477D1D00658153 /* FirebaseABTesting.xcframework */; };
		0D012E012B477D7E00658153 /* FirebaseAnalytics.xcframework in Frameworks */ = {isa = PBXBuildFile; fileRef = 0D012DE22B477D1C00658153 /* FirebaseAnalytics.xcframework */; };
		0D012E032B477D7E00658153 /* FirebaseAnalyticsSwift.xcframework in Frameworks */ = {isa = PBXBuildFile; fileRef = 0D012DE32B477D1C00658153 /* FirebaseAnalyticsSwift.xcframework */; };
		0D012E052B477D7E00658153 /* FirebaseAppCheckInterop.xcframework in Frameworks */ = {isa = PBXBuildFile; fileRef = 0D012DD82B477D1900658153 /* FirebaseAppCheckInterop.xcframework */; };
		0D012E072B477D7E00658153 /* FirebaseAuth.xcframework in Frameworks */ = {isa = PBXBuildFile; fileRef = 0D012DDE2B477D1A00658153 /* FirebaseAuth.xcframework */; };
		0D012E092B477D7E00658153 /* FirebaseCore.xcframework in Frameworks */ = {isa = PBXBuildFile; fileRef = 0D012DE62B477D1C00658153 /* FirebaseCore.xcframework */; };
		0D012E0B2B477D7E00658153 /* FirebaseCoreExtension.xcframework in Frameworks */ = {isa = PBXBuildFile; fileRef = 0D012DD42B477D1900658153 /* FirebaseCoreExtension.xcframework */; };
		0D012E0D2B477D7E00658153 /* FirebaseCoreInternal.xcframework in Frameworks */ = {isa = PBXBuildFile; fileRef = 0D012DE72B477D1C00658153 /* FirebaseCoreInternal.xcframework */; };
		0D012E0F2B477D7E00658153 /* FirebaseFirestore.xcframework in Frameworks */ = {isa = PBXBuildFile; fileRef = 0D012DCF2B477D1900658153 /* FirebaseFirestore.xcframework */; };
		0D012E112B477D7E00658153 /* FirebaseFirestoreInternal.xcframework in Frameworks */ = {isa = PBXBuildFile; fileRef = 0D012DD62B477D1900658153 /* FirebaseFirestoreInternal.xcframework */; };
		0D012E132B477D7E00658153 /* FirebaseFirestoreSwift.xcframework in Frameworks */ = {isa = PBXBuildFile; fileRef = 0D012DDA2B477D1900658153 /* FirebaseFirestoreSwift.xcframework */; };
		0D012E152B477D7E00658153 /* FirebaseInstallations.xcframework in Frameworks */ = {isa = PBXBuildFile; fileRef = 0D012DE42B477D1C00658153 /* FirebaseInstallations.xcframework */; };
		0D012E172B477D7E00658153 /* FirebaseRemoteConfig.xcframework in Frameworks */ = {isa = PBXBuildFile; fileRef = 0D012DEC2B477D1D00658153 /* FirebaseRemoteConfig.xcframework */; };
		0D012E192B477D7E00658153 /* FirebaseRemoteConfigSwift.xcframework in Frameworks */ = {isa = PBXBuildFile; fileRef = 0D012DEB2B477D1D00658153 /* FirebaseRemoteConfigSwift.xcframework */; };
		0D012E1B2B477D7E00658153 /* FirebaseSharedSwift.xcframework in Frameworks */ = {isa = PBXBuildFile; fileRef = 0D012DD92B477D1900658153 /* FirebaseSharedSwift.xcframework */; };
		0D012E1D2B477D7E00658153 /* GoogleAppMeasurement.xcframework in Frameworks */ = {isa = PBXBuildFile; fileRef = 0D012DE82B477D1C00658153 /* GoogleAppMeasurement.xcframework */; };
		0D012E1F2B477D7E00658153 /* GoogleAppMeasurementIdentitySupport.xcframework in Frameworks */ = {isa = PBXBuildFile; fileRef = 0D012DE12B477D1C00658153 /* GoogleAppMeasurementIdentitySupport.xcframework */; };
		0D012E212B477D7E00658153 /* GoogleSignIn.xcframework in Frameworks */ = {isa = PBXBuildFile; fileRef = 0D012DF22B477D1D00658153 /* GoogleSignIn.xcframework */; };
		0D012E232B477D7E00658153 /* GoogleUtilities.xcframework in Frameworks */ = {isa = PBXBuildFile; fileRef = 0D012DE92B477D1C00658153 /* GoogleUtilities.xcframework */; };
		0D012E252B477D7E00658153 /* gRPC-C++.xcframework in Frameworks */ = {isa = PBXBuildFile; fileRef = 0D012DD52B477D1900658153 /* gRPC-C++.xcframework */; };
		0D012E272B477D7E00658153 /* gRPC-Core.xcframework in Frameworks */ = {isa = PBXBuildFile; fileRef = 0D012DD02B477D1900658153 /* gRPC-Core.xcframework */; };
		0D012E292B477D7E00658153 /* GTMAppAuth.xcframework in Frameworks */ = {isa = PBXBuildFile; fileRef = 0D012DF32B477D1D00658153 /* GTMAppAuth.xcframework */; };
		0D012E2B2B477D7F00658153 /* GTMSessionFetcher.xcframework in Frameworks */ = {isa = PBXBuildFile; fileRef = 0D012DF42B477D1D00658153 /* GTMSessionFetcher.xcframework */; };
		0D012E2D2B477D7F00658153 /* leveldb-library.xcframework in Frameworks */ = {isa = PBXBuildFile; fileRef = 0D012DD32B477D1900658153 /* leveldb-library.xcframework */; };
		0D012E2F2B477D7F00658153 /* nanopb.xcframework in Frameworks */ = {isa = PBXBuildFile; fileRef = 0D012DE02B477D1C00658153 /* nanopb.xcframework */; };
		0D012E312B477D7F00658153 /* RecaptchaInterop.xcframework in Frameworks */ = {isa = PBXBuildFile; fileRef = 0D012DDD2B477D1A00658153 /* RecaptchaInterop.xcframework */; };
		0D012E672B477E3A00658153 /* FunnelsView.swift in Sources */ = {isa = PBXBuildFile; fileRef = 0D012E362B477E3900658153 /* FunnelsView.swift */; };
		0D012E682B477E3A00658153 /* TodayView.swift in Sources */ = {isa = PBXBuildFile; fileRef = 0D012E382B477E3900658153 /* TodayView.swift */; };
		0D012E692B477E3A00658153 /* CGFloat+.swift in Sources */ = {isa = PBXBuildFile; fileRef = 0D012E3A2B477E3900658153 /* CGFloat+.swift */; };
		0D012E6A2B477E3A00658153 /* String+.swift in Sources */ = {isa = PBXBuildFile; fileRef = 0D012E3B2B477E3900658153 /* String+.swift */; };
		0D012E6B2B477E3A00658153 /* Gradient+.swift in Sources */ = {isa = PBXBuildFile; fileRef = 0D012E3C2B477E3900658153 /* Gradient+.swift */; };
		0D012E6D2B477E3A00658153 /* Color+.swift in Sources */ = {isa = PBXBuildFile; fileRef = 0D012E3E2B477E3900658153 /* Color+.swift */; };
		0D012E6E2B477E3A00658153 /* View+.swift in Sources */ = {isa = PBXBuildFile; fileRef = 0D012E3F2B477E3900658153 /* View+.swift */; };
		0D012E6F2B477E3A00658153 /* SwiftUI+.swift in Sources */ = {isa = PBXBuildFile; fileRef = 0D012E402B477E3900658153 /* SwiftUI+.swift */; };
		0D012E712B477E3A00658153 /* Properties.swift in Sources */ = {isa = PBXBuildFile; fileRef = 0D012E432B477E3900658153 /* Properties.swift */; };
		0D012E722B477E3A00658153 /* Navigation.swift in Sources */ = {isa = PBXBuildFile; fileRef = 0D012E442B477E3900658153 /* Navigation.swift */; };
		0D012E742B477E3A00658153 /* Networking.swift in Sources */ = {isa = PBXBuildFile; fileRef = 0D012E462B477E3900658153 /* Networking.swift */; };
		0D012E752B477E3A00658153 /* ViewModel.swift in Sources */ = {isa = PBXBuildFile; fileRef = 0D012E472B477E3900658153 /* ViewModel.swift */; };
		0D012E762B477E3A00658153 /* ExternalDeeplink.swift in Sources */ = {isa = PBXBuildFile; fileRef = 0D012E482B477E3900658153 /* ExternalDeeplink.swift */; };
		0D012E782B477E3A00658153 /* AppDelegate.swift in Sources */ = {isa = PBXBuildFile; fileRef = 0D012E4A2B477E3900658153 /* AppDelegate.swift */; };
		0D012E792B477E3A00658153 /* InboxView.swift in Sources */ = {isa = PBXBuildFile; fileRef = 0D012E4C2B477E3900658153 /* InboxView.swift */; };
		0D012E7B2B477E3A00658153 /* LoginView.swift in Sources */ = {isa = PBXBuildFile; fileRef = 0D012E4F2B477E3900658153 /* LoginView.swift */; };
		0D012E7C2B477E3A00658153 /* FunnelminkGradient.swift in Sources */ = {isa = PBXBuildFile; fileRef = 0D012E512B477E3900658153 /* FunnelminkGradient.swift */; };
		0D012E7E2B477E3A00658153 /* WorkspaceInviteView.swift in Sources */ = {isa = PBXBuildFile; fileRef = 0D012E542B477E3A00658153 /* WorkspaceInviteView.swift */; };
		0D012E7F2B477E3A00658153 /* WorkspaceSettingsView.swift in Sources */ = {isa = PBXBuildFile; fileRef = 0D012E552B477E3A00658153 /* WorkspaceSettingsView.swift */; };
		0D012E812B477E3A00658153 /* WorkspaceSettingsViewModel.swift in Sources */ = {isa = PBXBuildFile; fileRef = 0D012E572B477E3A00658153 /* WorkspaceSettingsViewModel.swift */; };
		0D012E822B477E3A00658153 /* AsyncButton.swift in Sources */ = {isa = PBXBuildFile; fileRef = 0D012E592B477E3A00658153 /* AsyncButton.swift */; };
		0D012E832B477E3A00658153 /* WarningAlertButton.swift in Sources */ = {isa = PBXBuildFile; fileRef = 0D012E5A2B477E3A00658153 /* WarningAlertButton.swift */; };
		0D012E892B477E3A00658153 /* JoinExistingWorkspaceViewModel.swift in Sources */ = {isa = PBXBuildFile; fileRef = 0D012E632B477E3A00658153 /* JoinExistingWorkspaceViewModel.swift */; };
		0D012E8B2B477E3A00658153 /* JoinExistingWorkspaceView.swift in Sources */ = {isa = PBXBuildFile; fileRef = 0D012E652B477E3A00658153 /* JoinExistingWorkspaceView.swift */; };
		0D012E8C2B477E3A00658153 /* CreateWorkspaceView.swift in Sources */ = {isa = PBXBuildFile; fileRef = 0D012E662B477E3A00658153 /* CreateWorkspaceView.swift */; };
		0D012E8E2B477E9000658153 /* Assets.xcassets in Resources */ = {isa = PBXBuildFile; fileRef = 0D012E8D2B477E9000658153 /* Assets.xcassets */; };
		0D012E902B477F2500658153 /* FunnelminkApp.swift in Sources */ = {isa = PBXBuildFile; fileRef = 0D012E8F2B477F2500658153 /* FunnelminkApp.swift */; };
		0D012E932B477FFC00658153 /* GoogleService-Info-DEV.plist in Resources */ = {isa = PBXBuildFile; fileRef = 0D012E912B477FFC00658153 /* GoogleService-Info-DEV.plist */; };
		0D012E942B477FFC00658153 /* GoogleService-Info-PROD.plist in Resources */ = {isa = PBXBuildFile; fileRef = 0D012E922B477FFC00658153 /* GoogleService-Info-PROD.plist */; };
		0D22BAFB2B8FABC10012BCA8 /* RolePicker.swift in Sources */ = {isa = PBXBuildFile; fileRef = 0D22BAFA2B8FABC10012BCA8 /* RolePicker.swift */; };
		0D3E40422B640F130096E222 /* Kanban.swift in Sources */ = {isa = PBXBuildFile; fileRef = 0D3E40412B640F130096E222 /* Kanban.swift */; };
		0D3E40442B6413B20096E222 /* FunnelsViewModel.swift in Sources */ = {isa = PBXBuildFile; fileRef = 0D3E40432B6413B20096E222 /* FunnelsViewModel.swift */; };
		0D45D80A2B5E01A100591524 /* Toast.swift in Sources */ = {isa = PBXBuildFile; fileRef = 0D45D8092B5E01A100591524 /* Toast.swift */; };
		0D5987372B5607DF00327504 /* TaskDetailView.swift in Sources */ = {isa = PBXBuildFile; fileRef = 0D5987362B5607DF00327504 /* TaskDetailView.swift */; };
		0D5987392B561FCD00327504 /* TaskCompletionButton.swift in Sources */ = {isa = PBXBuildFile; fileRef = 0D5987382B561FCD00327504 /* TaskCompletionButton.swift */; };
		0D73AB132B54DAF30026EC4D /* Int32+.swift in Sources */ = {isa = PBXBuildFile; fileRef = 0D73AB122B54DAF30026EC4D /* Int32+.swift */; };
		0D76D98F2B8CF80A0013FA62 /* FunnelminkTab.swift in Sources */ = {isa = PBXBuildFile; fileRef = 0D76D98E2B8CF80A0013FA62 /* FunnelminkTab.swift */; };
		0D77594E2B6B75C500A61BAC /* ImportContactsView.swift in Sources */ = {isa = PBXBuildFile; fileRef = 0D7759482B6B75C500A61BAC /* ImportContactsView.swift */; };
		0D77594F2B6B75C500A61BAC /* ImportContactsVM.swift in Sources */ = {isa = PBXBuildFile; fileRef = 0D7759492B6B75C500A61BAC /* ImportContactsVM.swift */; };
		0D7972522B75E7E80048E942 /* MenuFAB.swift in Sources */ = {isa = PBXBuildFile; fileRef = 0D7972512B75E7E80048E942 /* MenuFAB.swift */; };
		0D7972542B767CFD0048E942 /* EditLeadView.swift in Sources */ = {isa = PBXBuildFile; fileRef = 0D7972532B767CFD0048E942 /* EditLeadView.swift */; };
		0D7972562B767D070048E942 /* EditCaseView.swift in Sources */ = {isa = PBXBuildFile; fileRef = 0D7972552B767D070048E942 /* EditCaseView.swift */; };
		0D7972582B767D100048E942 /* EditOpportunityView.swift in Sources */ = {isa = PBXBuildFile; fileRef = 0D7972572B767D100048E942 /* EditOpportunityView.swift */; };
		0D79725A2B76E0840048E942 /* EditLeadViewModel.swift in Sources */ = {isa = PBXBuildFile; fileRef = 0D7972592B76E0840048E942 /* EditLeadViewModel.swift */; };
		0D79725C2B7A816C0048E942 /* LeadDetailView.swift in Sources */ = {isa = PBXBuildFile; fileRef = 0D79725B2B7A816C0048E942 /* LeadDetailView.swift */; };
		0D7972612B7AB5190048E942 /* CaseDetailView.swift in Sources */ = {isa = PBXBuildFile; fileRef = 0D7972602B7AB5190048E942 /* CaseDetailView.swift */; };
		0D7972632B7AB5400048E942 /* OpportunityDetailView.swift in Sources */ = {isa = PBXBuildFile; fileRef = 0D7972622B7AB5400048E942 /* OpportunityDetailView.swift */; };
		0D9894FE2B814BFD00725BAC /* EditCaseViewModel.swift in Sources */ = {isa = PBXBuildFile; fileRef = 0D9894FD2B814BFD00725BAC /* EditCaseViewModel.swift */; };
		0DBF9CAF2B5A16C20045AC44 /* DebugMenu.swift in Sources */ = {isa = PBXBuildFile; fileRef = 0DBF9CAE2B5A16C20045AC44 /* DebugMenu.swift */; };
		0DBF9CB12B5A35F20045AC44 /* LogsView.swift in Sources */ = {isa = PBXBuildFile; fileRef = 0DBF9CB02B5A35F20045AC44 /* LogsView.swift */; };
		0DBF9CB32B5A35FB0045AC44 /* FeatureFlagsView.swift in Sources */ = {isa = PBXBuildFile; fileRef = 0DBF9CB22B5A35FB0045AC44 /* FeatureFlagsView.swift */; };
		0DCC16342B50D26C008F705B /* TodayViewModel.swift in Sources */ = {isa = PBXBuildFile; fileRef = 0DCC16332B50D26C008F705B /* TodayViewModel.swift */; };
		0DCC16362B50DC9D008F705B /* TaskCell.swift in Sources */ = {isa = PBXBuildFile; fileRef = 0DCC16352B50DC9D008F705B /* TaskCell.swift */; };
		0DCC16382B50E184008F705B /* EditTaskView.swift in Sources */ = {isa = PBXBuildFile; fileRef = 0DCC16372B50E184008F705B /* EditTaskView.swift */; };
		0DCC163A2B511A2C008F705B /* EditTaskViewModel.swift in Sources */ = {isa = PBXBuildFile; fileRef = 0DCC16392B511A2C008F705B /* EditTaskViewModel.swift */; };
		0DCC163C2B5249DC008F705B /* Date+.swift in Sources */ = {isa = PBXBuildFile; fileRef = 0DCC163B2B5249DC008F705B /* Date+.swift */; };
		0DCC163E2B524AE2008F705B /* DateFormatter+.swift in Sources */ = {isa = PBXBuildFile; fileRef = 0DCC163D2B524AE2008F705B /* DateFormatter+.swift */; };
		0DE9E09D2B60CB7200B8288F /* FeatureFlags.swift in Sources */ = {isa = PBXBuildFile; fileRef = 0DE9E09C2B60CB7200B8288F /* FeatureFlags.swift */; };
		0DE9E0A02B60D6BF00B8288F /* DebugDivider.swift in Sources */ = {isa = PBXBuildFile; fileRef = 0DE9E09F2B60D6BF00B8288F /* DebugDivider.swift */; };
		0DE9E0A22B60DDAC00B8288F /* UpdateWallView.swift in Sources */ = {isa = PBXBuildFile; fileRef = 0DE9E0A12B60DDAC00B8288F /* UpdateWallView.swift */; };
		0DE9E0A42B60DDBA00B8288F /* WhatsNewView.swift in Sources */ = {isa = PBXBuildFile; fileRef = 0DE9E0A32B60DDBA00B8288F /* WhatsNewView.swift */; };
		0DE9E0A72B60E9E500B8288F /* Kingfisher in Frameworks */ = {isa = PBXBuildFile; productRef = 0DE9E0A62B60E9E500B8288F /* Kingfisher */; };
		1F022A3B2B49159100966345 /* CustomButton.swift in Sources */ = {isa = PBXBuildFile; fileRef = 1F022A372B49159100966345 /* CustomButton.swift */; };
		1F022A3C2B49159100966345 /* CustomAccordion.swift in Sources */ = {isa = PBXBuildFile; fileRef = 1F022A382B49159100966345 /* CustomAccordion.swift */; };
		1F022A3D2B49159100966345 /* CustomCell.swift in Sources */ = {isa = PBXBuildFile; fileRef = 1F022A392B49159100966345 /* CustomCell.swift */; };
		1F022A3E2B49159100966345 /* CustomTextField.swift in Sources */ = {isa = PBXBuildFile; fileRef = 1F022A3A2B49159100966345 /* CustomTextField.swift */; };
		1F2335282B8155640035547D /* ContactDetailsView.swift in Sources */ = {isa = PBXBuildFile; fileRef = 1F2335272B8155640035547D /* ContactDetailsView.swift */; };
		1F610AE82B7BE48300A9D262 /* CreateContactView.swift in Sources */ = {isa = PBXBuildFile; fileRef = 1F610AE72B7BE48300A9D262 /* CreateContactView.swift */; };
		1F9D49AF2B747CCD0085106C /* AddContactAccordion.swift in Sources */ = {isa = PBXBuildFile; fileRef = 1F9D49AE2B747CCD0085106C /* AddContactAccordion.swift */; };
		1FA27F7A2B5978F300A447C3 /* TimelineView.swift in Sources */ = {isa = PBXBuildFile; fileRef = 1FA27F792B5978F300A447C3 /* TimelineView.swift */; };
		1FA27F7C2B5CAA9F00A447C3 /* CustomEmptyView.swift in Sources */ = {isa = PBXBuildFile; fileRef = 1FA27F7B2B5CAA9F00A447C3 /* CustomEmptyView.swift */; };
		1FA27F7F2B5CAD7700A447C3 /* Lottie in Frameworks */ = {isa = PBXBuildFile; productRef = 1FA27F7E2B5CAD7700A447C3 /* Lottie */; };
		1FA27F822B5CAFF200A447C3 /* ContactsLottie.json in Resources */ = {isa = PBXBuildFile; fileRef = 1FA27F812B5CAFF200A447C3 /* ContactsLottie.json */; };
		1FA27F842B5EE80E00A447C3 /* TasksLottie.json in Resources */ = {isa = PBXBuildFile; fileRef = 1FA27F832B5EE80E00A447C3 /* TasksLottie.json */; };
		1FCB70600327C8D33AEA3E90 /* Modal.swift in Sources */ = {isa = PBXBuildFile; fileRef = 1FCB7D2C21891A9AE2804154 /* Modal.swift */; };
		1FCB7062A19F8D62F892FD92 /* CloseRecordView.swift in Sources */ = {isa = PBXBuildFile; fileRef = 1FCB78B08A792C000D33E2AA /* CloseRecordView.swift */; };
		1FCB731B11540D8EC93FCBBD /* LabeledRow.swift in Sources */ = {isa = PBXBuildFile; fileRef = 1FCB73DEFFC09C0D5A581EFC /* LabeledRow.swift */; };
		1FCB73EF89A4C87B5C5908DD /* AccountsViewModel.swift in Sources */ = {isa = PBXBuildFile; fileRef = 1FCB7ACD8F7E057679621897 /* AccountsViewModel.swift */; };
		1FCB73F124945A937ECDAC6F /* WorkspacesView.swift in Sources */ = {isa = PBXBuildFile; fileRef = 1FCB7C4E3E93CDD70AD8DCC1 /* WorkspacesView.swift */; };
		1FCB74155DEADF4A32FAA4E4 /* LoginViewModel.swift in Sources */ = {isa = PBXBuildFile; fileRef = 1FCB7A3AB02D5F9F52C1AB1F /* LoginViewModel.swift */; };
		1FCB74EE9F81EC19833E8639 /* AccountView.swift in Sources */ = {isa = PBXBuildFile; fileRef = 1FCB79A7D2ED77D23827B2FB /* AccountView.swift */; };
		1FCB758646ABB9ABE0EE09E4 /* ConvertLeadView.swift in Sources */ = {isa = PBXBuildFile; fileRef = 1FCB704EE675D6553F6CC5D8 /* ConvertLeadView.swift */; };
		1FCB7680DC135B3DD5B15F0C /* Segue.swift in Sources */ = {isa = PBXBuildFile; fileRef = 1FCB72AEE522D13EAC8565D2 /* Segue.swift */; };
		1FCB76F93C37F8F4E4B76F94 /* CreateAccountView.swift in Sources */ = {isa = PBXBuildFile; fileRef = 1FCB7C6403EE8A0091F9C3AC /* CreateAccountView.swift */; };
		1FCB77F6AD2C612392D4609B /* ProfileViewModel.swift in Sources */ = {isa = PBXBuildFile; fileRef = 1FCB7E8839B6F36DABAA626E /* ProfileViewModel.swift */; };
		1FCB781F978049D634870A8C /* WorkspacesViewModel.swift in Sources */ = {isa = PBXBuildFile; fileRef = 1FCB729289973E82B53DC6AE /* WorkspacesViewModel.swift */; };
		1FCB790621C10F05028F2990 /* EditOpportunityViewModel.swift in Sources */ = {isa = PBXBuildFile; fileRef = 1FCB7805FE812978E02B4C3E /* EditOpportunityViewModel.swift */; };
		1FCB7B2A5C922AB310B658B3 /* ProflieView.swift in Sources */ = {isa = PBXBuildFile; fileRef = 1FCB7BDF0E879F1578FB13D0 /* ProflieView.swift */; };
		1FCB7BF596E9F1D2939A3E34 /* AppState.swift in Sources */ = {isa = PBXBuildFile; fileRef = 1FCB7D6AC6CEDB402D6F242A /* AppState.swift */; };
		1FCB7CD17EFAA37FE7FA338F /* Shared+.swift in Sources */ = {isa = PBXBuildFile; fileRef = 1FCB712F2F5BC2ECA5C8C449 /* Shared+.swift */; };
		1FCB7D042F2C82CA13D88884 /* Double+.swift in Sources */ = {isa = PBXBuildFile; fileRef = 1FCB7097FD586CA3E01B3C36 /* Double+.swift */; };
		41CC62D6E2C9601B1230CEAA /* AccountsView.swift in Sources */ = {isa = PBXBuildFile; fileRef = 41CC6A14DD5B8A3D385ADCB2 /* AccountsView.swift */; };
/* End PBXBuildFile section */

/* Begin PBXFileReference section */
		058557D8273AAEEB004C7B11 /* Preview Assets.xcassets */ = {isa = PBXFileReference; lastKnownFileType = folder.assetcatalog; path = "Preview Assets.xcassets"; sourceTree = "<group>"; };
		0D012DCF2B477D1900658153 /* FirebaseFirestore.xcframework */ = {isa = PBXFileReference; lastKnownFileType = wrapper.xcframework; path = FirebaseFirestore.xcframework; sourceTree = "<group>"; };
		0D012DD02B477D1900658153 /* gRPC-Core.xcframework */ = {isa = PBXFileReference; lastKnownFileType = wrapper.xcframework; path = "gRPC-Core.xcframework"; sourceTree = "<group>"; };
		0D012DD22B477D1900658153 /* gRPCCertificates-Cpp.bundle */ = {isa = PBXFileReference; lastKnownFileType = "wrapper.plug-in"; path = "gRPCCertificates-Cpp.bundle"; sourceTree = "<group>"; };
		0D012DD32B477D1900658153 /* leveldb-library.xcframework */ = {isa = PBXFileReference; lastKnownFileType = wrapper.xcframework; path = "leveldb-library.xcframework"; sourceTree = "<group>"; };
		0D012DD42B477D1900658153 /* FirebaseCoreExtension.xcframework */ = {isa = PBXFileReference; lastKnownFileType = wrapper.xcframework; path = FirebaseCoreExtension.xcframework; sourceTree = "<group>"; };
		0D012DD52B477D1900658153 /* gRPC-C++.xcframework */ = {isa = PBXFileReference; lastKnownFileType = wrapper.xcframework; path = "gRPC-C++.xcframework"; sourceTree = "<group>"; };
		0D012DD62B477D1900658153 /* FirebaseFirestoreInternal.xcframework */ = {isa = PBXFileReference; lastKnownFileType = wrapper.xcframework; path = FirebaseFirestoreInternal.xcframework; sourceTree = "<group>"; };
		0D012DD72B477D1900658153 /* BoringSSL-GRPC.xcframework */ = {isa = PBXFileReference; lastKnownFileType = wrapper.xcframework; path = "BoringSSL-GRPC.xcframework"; sourceTree = "<group>"; };
		0D012DD82B477D1900658153 /* FirebaseAppCheckInterop.xcframework */ = {isa = PBXFileReference; lastKnownFileType = wrapper.xcframework; path = FirebaseAppCheckInterop.xcframework; sourceTree = "<group>"; };
		0D012DD92B477D1900658153 /* FirebaseSharedSwift.xcframework */ = {isa = PBXFileReference; lastKnownFileType = wrapper.xcframework; path = FirebaseSharedSwift.xcframework; sourceTree = "<group>"; };
		0D012DDA2B477D1900658153 /* FirebaseFirestoreSwift.xcframework */ = {isa = PBXFileReference; lastKnownFileType = wrapper.xcframework; path = FirebaseFirestoreSwift.xcframework; sourceTree = "<group>"; };
		0D012DDB2B477D1900658153 /* abseil.xcframework */ = {isa = PBXFileReference; lastKnownFileType = wrapper.xcframework; path = abseil.xcframework; sourceTree = "<group>"; };
		0D012DDD2B477D1A00658153 /* RecaptchaInterop.xcframework */ = {isa = PBXFileReference; lastKnownFileType = wrapper.xcframework; path = RecaptchaInterop.xcframework; sourceTree = "<group>"; };
		0D012DDE2B477D1A00658153 /* FirebaseAuth.xcframework */ = {isa = PBXFileReference; lastKnownFileType = wrapper.xcframework; path = FirebaseAuth.xcframework; sourceTree = "<group>"; };
		0D012DE02B477D1C00658153 /* nanopb.xcframework */ = {isa = PBXFileReference; lastKnownFileType = wrapper.xcframework; path = nanopb.xcframework; sourceTree = "<group>"; };
		0D012DE12B477D1C00658153 /* GoogleAppMeasurementIdentitySupport.xcframework */ = {isa = PBXFileReference; lastKnownFileType = wrapper.xcframework; path = GoogleAppMeasurementIdentitySupport.xcframework; sourceTree = "<group>"; };
		0D012DE22B477D1C00658153 /* FirebaseAnalytics.xcframework */ = {isa = PBXFileReference; lastKnownFileType = wrapper.xcframework; path = FirebaseAnalytics.xcframework; sourceTree = "<group>"; };
		0D012DE32B477D1C00658153 /* FirebaseAnalyticsSwift.xcframework */ = {isa = PBXFileReference; lastKnownFileType = wrapper.xcframework; path = FirebaseAnalyticsSwift.xcframework; sourceTree = "<group>"; };
		0D012DE42B477D1C00658153 /* FirebaseInstallations.xcframework */ = {isa = PBXFileReference; lastKnownFileType = wrapper.xcframework; path = FirebaseInstallations.xcframework; sourceTree = "<group>"; };
		0D012DE52B477D1C00658153 /* FBLPromises.xcframework */ = {isa = PBXFileReference; lastKnownFileType = wrapper.xcframework; path = FBLPromises.xcframework; sourceTree = "<group>"; };
		0D012DE62B477D1C00658153 /* FirebaseCore.xcframework */ = {isa = PBXFileReference; lastKnownFileType = wrapper.xcframework; path = FirebaseCore.xcframework; sourceTree = "<group>"; };
		0D012DE72B477D1C00658153 /* FirebaseCoreInternal.xcframework */ = {isa = PBXFileReference; lastKnownFileType = wrapper.xcframework; path = FirebaseCoreInternal.xcframework; sourceTree = "<group>"; };
		0D012DE82B477D1C00658153 /* GoogleAppMeasurement.xcframework */ = {isa = PBXFileReference; lastKnownFileType = wrapper.xcframework; path = GoogleAppMeasurement.xcframework; sourceTree = "<group>"; };
		0D012DE92B477D1C00658153 /* GoogleUtilities.xcframework */ = {isa = PBXFileReference; lastKnownFileType = wrapper.xcframework; path = GoogleUtilities.xcframework; sourceTree = "<group>"; };
		0D012DEB2B477D1D00658153 /* FirebaseRemoteConfigSwift.xcframework */ = {isa = PBXFileReference; lastKnownFileType = wrapper.xcframework; path = FirebaseRemoteConfigSwift.xcframework; sourceTree = "<group>"; };
		0D012DEC2B477D1D00658153 /* FirebaseRemoteConfig.xcframework */ = {isa = PBXFileReference; lastKnownFileType = wrapper.xcframework; path = FirebaseRemoteConfig.xcframework; sourceTree = "<group>"; };
		0D012DED2B477D1D00658153 /* FirebaseABTesting.xcframework */ = {isa = PBXFileReference; lastKnownFileType = wrapper.xcframework; path = FirebaseABTesting.xcframework; sourceTree = "<group>"; };
		0D012DEF2B477D1D00658153 /* AppAuth.xcframework */ = {isa = PBXFileReference; lastKnownFileType = wrapper.xcframework; path = AppAuth.xcframework; sourceTree = "<group>"; };
		0D012DF12B477D1D00658153 /* GoogleSignIn.bundle */ = {isa = PBXFileReference; lastKnownFileType = "wrapper.plug-in"; path = GoogleSignIn.bundle; sourceTree = "<group>"; };
		0D012DF22B477D1D00658153 /* GoogleSignIn.xcframework */ = {isa = PBXFileReference; lastKnownFileType = wrapper.xcframework; path = GoogleSignIn.xcframework; sourceTree = "<group>"; };
		0D012DF32B477D1D00658153 /* GTMAppAuth.xcframework */ = {isa = PBXFileReference; lastKnownFileType = wrapper.xcframework; path = GTMAppAuth.xcframework; sourceTree = "<group>"; };
		0D012DF42B477D1D00658153 /* GTMSessionFetcher.xcframework */ = {isa = PBXFileReference; lastKnownFileType = wrapper.xcframework; path = GTMSessionFetcher.xcframework; sourceTree = "<group>"; };
		0D012E362B477E3900658153 /* FunnelsView.swift */ = {isa = PBXFileReference; fileEncoding = 4; lastKnownFileType = sourcecode.swift; path = FunnelsView.swift; sourceTree = "<group>"; };
		0D012E382B477E3900658153 /* TodayView.swift */ = {isa = PBXFileReference; fileEncoding = 4; lastKnownFileType = sourcecode.swift; path = TodayView.swift; sourceTree = "<group>"; };
		0D012E3A2B477E3900658153 /* CGFloat+.swift */ = {isa = PBXFileReference; fileEncoding = 4; lastKnownFileType = sourcecode.swift; path = "CGFloat+.swift"; sourceTree = "<group>"; };
		0D012E3B2B477E3900658153 /* String+.swift */ = {isa = PBXFileReference; fileEncoding = 4; lastKnownFileType = sourcecode.swift; path = "String+.swift"; sourceTree = "<group>"; };
		0D012E3C2B477E3900658153 /* Gradient+.swift */ = {isa = PBXFileReference; fileEncoding = 4; lastKnownFileType = sourcecode.swift; path = "Gradient+.swift"; sourceTree = "<group>"; };
		0D012E3E2B477E3900658153 /* Color+.swift */ = {isa = PBXFileReference; fileEncoding = 4; lastKnownFileType = sourcecode.swift; path = "Color+.swift"; sourceTree = "<group>"; };
		0D012E3F2B477E3900658153 /* View+.swift */ = {isa = PBXFileReference; fileEncoding = 4; lastKnownFileType = sourcecode.swift; path = "View+.swift"; sourceTree = "<group>"; };
		0D012E402B477E3900658153 /* SwiftUI+.swift */ = {isa = PBXFileReference; fileEncoding = 4; lastKnownFileType = sourcecode.swift; path = "SwiftUI+.swift"; sourceTree = "<group>"; };
		0D012E432B477E3900658153 /* Properties.swift */ = {isa = PBXFileReference; fileEncoding = 4; lastKnownFileType = sourcecode.swift; path = Properties.swift; sourceTree = "<group>"; };
		0D012E442B477E3900658153 /* Navigation.swift */ = {isa = PBXFileReference; fileEncoding = 4; lastKnownFileType = sourcecode.swift; path = Navigation.swift; sourceTree = "<group>"; };
		0D012E462B477E3900658153 /* Networking.swift */ = {isa = PBXFileReference; fileEncoding = 4; lastKnownFileType = sourcecode.swift; path = Networking.swift; sourceTree = "<group>"; };
		0D012E472B477E3900658153 /* ViewModel.swift */ = {isa = PBXFileReference; fileEncoding = 4; lastKnownFileType = sourcecode.swift; path = ViewModel.swift; sourceTree = "<group>"; };
		0D012E482B477E3900658153 /* ExternalDeeplink.swift */ = {isa = PBXFileReference; fileEncoding = 4; lastKnownFileType = sourcecode.swift; path = ExternalDeeplink.swift; sourceTree = "<group>"; };
		0D012E4A2B477E3900658153 /* AppDelegate.swift */ = {isa = PBXFileReference; fileEncoding = 4; lastKnownFileType = sourcecode.swift; path = AppDelegate.swift; sourceTree = "<group>"; };
		0D012E4C2B477E3900658153 /* InboxView.swift */ = {isa = PBXFileReference; fileEncoding = 4; lastKnownFileType = sourcecode.swift; path = InboxView.swift; sourceTree = "<group>"; };
		0D012E4F2B477E3900658153 /* LoginView.swift */ = {isa = PBXFileReference; fileEncoding = 4; lastKnownFileType = sourcecode.swift; path = LoginView.swift; sourceTree = "<group>"; };
		0D012E512B477E3900658153 /* FunnelminkGradient.swift */ = {isa = PBXFileReference; fileEncoding = 4; lastKnownFileType = sourcecode.swift; path = FunnelminkGradient.swift; sourceTree = "<group>"; };
		0D012E542B477E3A00658153 /* WorkspaceInviteView.swift */ = {isa = PBXFileReference; fileEncoding = 4; lastKnownFileType = sourcecode.swift; path = WorkspaceInviteView.swift; sourceTree = "<group>"; };
		0D012E552B477E3A00658153 /* WorkspaceSettingsView.swift */ = {isa = PBXFileReference; fileEncoding = 4; lastKnownFileType = sourcecode.swift; path = WorkspaceSettingsView.swift; sourceTree = "<group>"; };
		0D012E572B477E3A00658153 /* WorkspaceSettingsViewModel.swift */ = {isa = PBXFileReference; fileEncoding = 4; lastKnownFileType = sourcecode.swift; path = WorkspaceSettingsViewModel.swift; sourceTree = "<group>"; };
		0D012E592B477E3A00658153 /* AsyncButton.swift */ = {isa = PBXFileReference; fileEncoding = 4; lastKnownFileType = sourcecode.swift; path = AsyncButton.swift; sourceTree = "<group>"; };
		0D012E5A2B477E3A00658153 /* WarningAlertButton.swift */ = {isa = PBXFileReference; fileEncoding = 4; lastKnownFileType = sourcecode.swift; path = WarningAlertButton.swift; sourceTree = "<group>"; };
		0D012E632B477E3A00658153 /* JoinExistingWorkspaceViewModel.swift */ = {isa = PBXFileReference; fileEncoding = 4; lastKnownFileType = sourcecode.swift; path = JoinExistingWorkspaceViewModel.swift; sourceTree = "<group>"; };
		0D012E652B477E3A00658153 /* JoinExistingWorkspaceView.swift */ = {isa = PBXFileReference; fileEncoding = 4; lastKnownFileType = sourcecode.swift; path = JoinExistingWorkspaceView.swift; sourceTree = "<group>"; };
		0D012E662B477E3A00658153 /* CreateWorkspaceView.swift */ = {isa = PBXFileReference; fileEncoding = 4; lastKnownFileType = sourcecode.swift; path = CreateWorkspaceView.swift; sourceTree = "<group>"; };
		0D012E8D2B477E9000658153 /* Assets.xcassets */ = {isa = PBXFileReference; lastKnownFileType = folder.assetcatalog; path = Assets.xcassets; sourceTree = "<group>"; };
		0D012E8F2B477F2500658153 /* FunnelminkApp.swift */ = {isa = PBXFileReference; fileEncoding = 4; lastKnownFileType = sourcecode.swift; path = FunnelminkApp.swift; sourceTree = "<group>"; };
		0D012E912B477FFC00658153 /* GoogleService-Info-DEV.plist */ = {isa = PBXFileReference; fileEncoding = 4; lastKnownFileType = text.plist.xml; path = "GoogleService-Info-DEV.plist"; sourceTree = "<group>"; };
		0D012E922B477FFC00658153 /* GoogleService-Info-PROD.plist */ = {isa = PBXFileReference; fileEncoding = 4; lastKnownFileType = text.plist.xml; path = "GoogleService-Info-PROD.plist"; sourceTree = "<group>"; };
		0D012E962B47868000658153 /* iosApp.entitlements */ = {isa = PBXFileReference; lastKnownFileType = text.plist.entitlements; path = iosApp.entitlements; sourceTree = "<group>"; };
		0D012E972B4786DD00658153 /* funnelmink-Bridging-Header.h */ = {isa = PBXFileReference; fileEncoding = 4; lastKnownFileType = sourcecode.c.h; path = "funnelmink-Bridging-Header.h"; sourceTree = "<group>"; };
		0D012E982B47877A00658153 /* ProdEnvironment.xcconfig */ = {isa = PBXFileReference; fileEncoding = 4; lastKnownFileType = text.xcconfig; path = ProdEnvironment.xcconfig; sourceTree = "<group>"; };
		0D012E992B47877B00658153 /* LocalEnvironment.xcconfig */ = {isa = PBXFileReference; fileEncoding = 4; lastKnownFileType = text.xcconfig; path = LocalEnvironment.xcconfig; sourceTree = "<group>"; };
		0D012E9C2B47878F00658153 /* Firebase.h */ = {isa = PBXFileReference; fileEncoding = 4; lastKnownFileType = sourcecode.c.h; path = Firebase.h; sourceTree = "<group>"; };
		0D22BAFA2B8FABC10012BCA8 /* RolePicker.swift */ = {isa = PBXFileReference; lastKnownFileType = sourcecode.swift; path = RolePicker.swift; sourceTree = "<group>"; };
		0D3E40412B640F130096E222 /* Kanban.swift */ = {isa = PBXFileReference; lastKnownFileType = sourcecode.swift; path = Kanban.swift; sourceTree = "<group>"; };
		0D3E40432B6413B20096E222 /* FunnelsViewModel.swift */ = {isa = PBXFileReference; lastKnownFileType = sourcecode.swift; path = FunnelsViewModel.swift; sourceTree = "<group>"; };
		0D45D8092B5E01A100591524 /* Toast.swift */ = {isa = PBXFileReference; lastKnownFileType = sourcecode.swift; path = Toast.swift; sourceTree = "<group>"; };
		0D5987362B5607DF00327504 /* TaskDetailView.swift */ = {isa = PBXFileReference; lastKnownFileType = sourcecode.swift; path = TaskDetailView.swift; sourceTree = "<group>"; };
		0D5987382B561FCD00327504 /* TaskCompletionButton.swift */ = {isa = PBXFileReference; lastKnownFileType = sourcecode.swift; path = TaskCompletionButton.swift; sourceTree = "<group>"; };
		0D73AB122B54DAF30026EC4D /* Int32+.swift */ = {isa = PBXFileReference; lastKnownFileType = sourcecode.swift; path = "Int32+.swift"; sourceTree = "<group>"; };
		0D76D98E2B8CF80A0013FA62 /* FunnelminkTab.swift */ = {isa = PBXFileReference; lastKnownFileType = sourcecode.swift; path = FunnelminkTab.swift; sourceTree = "<group>"; };
		0D7759482B6B75C500A61BAC /* ImportContactsView.swift */ = {isa = PBXFileReference; fileEncoding = 4; lastKnownFileType = sourcecode.swift; path = ImportContactsView.swift; sourceTree = "<group>"; };
		0D7759492B6B75C500A61BAC /* ImportContactsVM.swift */ = {isa = PBXFileReference; fileEncoding = 4; lastKnownFileType = sourcecode.swift; path = ImportContactsVM.swift; sourceTree = "<group>"; };
		0D7972512B75E7E80048E942 /* MenuFAB.swift */ = {isa = PBXFileReference; lastKnownFileType = sourcecode.swift; path = MenuFAB.swift; sourceTree = "<group>"; };
		0D7972532B767CFD0048E942 /* EditLeadView.swift */ = {isa = PBXFileReference; lastKnownFileType = sourcecode.swift; path = EditLeadView.swift; sourceTree = "<group>"; };
		0D7972552B767D070048E942 /* EditCaseView.swift */ = {isa = PBXFileReference; lastKnownFileType = sourcecode.swift; path = EditCaseView.swift; sourceTree = "<group>"; };
		0D7972572B767D100048E942 /* EditOpportunityView.swift */ = {isa = PBXFileReference; lastKnownFileType = sourcecode.swift; path = EditOpportunityView.swift; sourceTree = "<group>"; };
		0D7972592B76E0840048E942 /* EditLeadViewModel.swift */ = {isa = PBXFileReference; lastKnownFileType = sourcecode.swift; path = EditLeadViewModel.swift; sourceTree = "<group>"; };
		0D79725B2B7A816C0048E942 /* LeadDetailView.swift */ = {isa = PBXFileReference; lastKnownFileType = sourcecode.swift; path = LeadDetailView.swift; sourceTree = "<group>"; };
		0D7972602B7AB5190048E942 /* CaseDetailView.swift */ = {isa = PBXFileReference; lastKnownFileType = sourcecode.swift; path = CaseDetailView.swift; sourceTree = "<group>"; };
		0D7972622B7AB5400048E942 /* OpportunityDetailView.swift */ = {isa = PBXFileReference; lastKnownFileType = sourcecode.swift; path = OpportunityDetailView.swift; sourceTree = "<group>"; };
		0D9894FD2B814BFD00725BAC /* EditCaseViewModel.swift */ = {isa = PBXFileReference; lastKnownFileType = sourcecode.swift; path = EditCaseViewModel.swift; sourceTree = "<group>"; };
		0DBB674E2B4FA1FF00CFE9A5 /* DevEnvironment.xcconfig */ = {isa = PBXFileReference; fileEncoding = 4; lastKnownFileType = text.xcconfig; path = DevEnvironment.xcconfig; sourceTree = "<group>"; };
		0DBB67562B4FA39B00CFE9A5 /* ReleaseConfig.xcconfig */ = {isa = PBXFileReference; lastKnownFileType = text.xcconfig; path = ReleaseConfig.xcconfig; sourceTree = "<group>"; };
		0DBF9CAE2B5A16C20045AC44 /* DebugMenu.swift */ = {isa = PBXFileReference; fileEncoding = 4; lastKnownFileType = sourcecode.swift; path = DebugMenu.swift; sourceTree = "<group>"; };
		0DBF9CB02B5A35F20045AC44 /* LogsView.swift */ = {isa = PBXFileReference; lastKnownFileType = sourcecode.swift; path = LogsView.swift; sourceTree = "<group>"; };
		0DBF9CB22B5A35FB0045AC44 /* FeatureFlagsView.swift */ = {isa = PBXFileReference; lastKnownFileType = sourcecode.swift; path = FeatureFlagsView.swift; sourceTree = "<group>"; };
		0DCC16332B50D26C008F705B /* TodayViewModel.swift */ = {isa = PBXFileReference; lastKnownFileType = sourcecode.swift; path = TodayViewModel.swift; sourceTree = "<group>"; };
		0DCC16352B50DC9D008F705B /* TaskCell.swift */ = {isa = PBXFileReference; lastKnownFileType = sourcecode.swift; path = TaskCell.swift; sourceTree = "<group>"; };
		0DCC16372B50E184008F705B /* EditTaskView.swift */ = {isa = PBXFileReference; lastKnownFileType = sourcecode.swift; path = EditTaskView.swift; sourceTree = "<group>"; };
		0DCC16392B511A2C008F705B /* EditTaskViewModel.swift */ = {isa = PBXFileReference; lastKnownFileType = sourcecode.swift; path = EditTaskViewModel.swift; sourceTree = "<group>"; };
		0DCC163B2B5249DC008F705B /* Date+.swift */ = {isa = PBXFileReference; lastKnownFileType = sourcecode.swift; path = "Date+.swift"; sourceTree = "<group>"; };
		0DCC163D2B524AE2008F705B /* DateFormatter+.swift */ = {isa = PBXFileReference; lastKnownFileType = sourcecode.swift; path = "DateFormatter+.swift"; sourceTree = "<group>"; };
		0DE9E09C2B60CB7200B8288F /* FeatureFlags.swift */ = {isa = PBXFileReference; lastKnownFileType = sourcecode.swift; path = FeatureFlags.swift; sourceTree = "<group>"; };
		0DE9E09F2B60D6BF00B8288F /* DebugDivider.swift */ = {isa = PBXFileReference; lastKnownFileType = sourcecode.swift; path = DebugDivider.swift; sourceTree = "<group>"; };
		0DE9E0A12B60DDAC00B8288F /* UpdateWallView.swift */ = {isa = PBXFileReference; lastKnownFileType = sourcecode.swift; path = UpdateWallView.swift; sourceTree = "<group>"; };
		0DE9E0A32B60DDBA00B8288F /* WhatsNewView.swift */ = {isa = PBXFileReference; lastKnownFileType = sourcecode.swift; path = WhatsNewView.swift; sourceTree = "<group>"; };
		1F022A372B49159100966345 /* CustomButton.swift */ = {isa = PBXFileReference; fileEncoding = 4; lastKnownFileType = sourcecode.swift; path = CustomButton.swift; sourceTree = "<group>"; };
		1F022A382B49159100966345 /* CustomAccordion.swift */ = {isa = PBXFileReference; fileEncoding = 4; lastKnownFileType = sourcecode.swift; path = CustomAccordion.swift; sourceTree = "<group>"; };
		1F022A392B49159100966345 /* CustomCell.swift */ = {isa = PBXFileReference; fileEncoding = 4; lastKnownFileType = sourcecode.swift; path = CustomCell.swift; sourceTree = "<group>"; };
		1F022A3A2B49159100966345 /* CustomTextField.swift */ = {isa = PBXFileReference; fileEncoding = 4; lastKnownFileType = sourcecode.swift; path = CustomTextField.swift; sourceTree = "<group>"; };
		1F2335272B8155640035547D /* ContactDetailsView.swift */ = {isa = PBXFileReference; lastKnownFileType = sourcecode.swift; path = ContactDetailsView.swift; sourceTree = "<group>"; };
		1F610AE72B7BE48300A9D262 /* CreateContactView.swift */ = {isa = PBXFileReference; lastKnownFileType = sourcecode.swift; path = CreateContactView.swift; sourceTree = "<group>"; };
		1F9D49AE2B747CCD0085106C /* AddContactAccordion.swift */ = {isa = PBXFileReference; lastKnownFileType = sourcecode.swift; path = AddContactAccordion.swift; sourceTree = "<group>"; };
		1FA27F792B5978F300A447C3 /* TimelineView.swift */ = {isa = PBXFileReference; lastKnownFileType = sourcecode.swift; path = TimelineView.swift; sourceTree = "<group>"; };
		1FA27F7B2B5CAA9F00A447C3 /* CustomEmptyView.swift */ = {isa = PBXFileReference; lastKnownFileType = sourcecode.swift; path = CustomEmptyView.swift; sourceTree = "<group>"; };
		1FA27F812B5CAFF200A447C3 /* ContactsLottie.json */ = {isa = PBXFileReference; fileEncoding = 4; lastKnownFileType = text.json; path = ContactsLottie.json; sourceTree = "<group>"; };
		1FA27F832B5EE80E00A447C3 /* TasksLottie.json */ = {isa = PBXFileReference; fileEncoding = 4; lastKnownFileType = text.json; path = TasksLottie.json; sourceTree = "<group>"; };
		1FCB704EE675D6553F6CC5D8 /* ConvertLeadView.swift */ = {isa = PBXFileReference; fileEncoding = 4; lastKnownFileType = sourcecode.swift; path = ConvertLeadView.swift; sourceTree = "<group>"; };
		1FCB7097FD586CA3E01B3C36 /* Double+.swift */ = {isa = PBXFileReference; fileEncoding = 4; lastKnownFileType = sourcecode.swift; path = "Double+.swift"; sourceTree = "<group>"; };
		1FCB712F2F5BC2ECA5C8C449 /* Shared+.swift */ = {isa = PBXFileReference; fileEncoding = 4; lastKnownFileType = sourcecode.swift; path = "Shared+.swift"; sourceTree = "<group>"; };
		1FCB729289973E82B53DC6AE /* WorkspacesViewModel.swift */ = {isa = PBXFileReference; fileEncoding = 4; lastKnownFileType = sourcecode.swift; path = WorkspacesViewModel.swift; sourceTree = "<group>"; };
		1FCB72AEE522D13EAC8565D2 /* Segue.swift */ = {isa = PBXFileReference; fileEncoding = 4; lastKnownFileType = sourcecode.swift; path = Segue.swift; sourceTree = "<group>"; };
		1FCB73DEFFC09C0D5A581EFC /* LabeledRow.swift */ = {isa = PBXFileReference; fileEncoding = 4; lastKnownFileType = sourcecode.swift; path = LabeledRow.swift; sourceTree = "<group>"; };
		1FCB7805FE812978E02B4C3E /* EditOpportunityViewModel.swift */ = {isa = PBXFileReference; fileEncoding = 4; lastKnownFileType = sourcecode.swift; path = EditOpportunityViewModel.swift; sourceTree = "<group>"; };
		1FCB78B08A792C000D33E2AA /* CloseRecordView.swift */ = {isa = PBXFileReference; fileEncoding = 4; lastKnownFileType = sourcecode.swift; path = CloseRecordView.swift; sourceTree = "<group>"; };
		1FCB79A7D2ED77D23827B2FB /* AccountView.swift */ = {isa = PBXFileReference; fileEncoding = 4; lastKnownFileType = sourcecode.swift; path = AccountView.swift; sourceTree = "<group>"; };
		1FCB7A3AB02D5F9F52C1AB1F /* LoginViewModel.swift */ = {isa = PBXFileReference; fileEncoding = 4; lastKnownFileType = sourcecode.swift; path = LoginViewModel.swift; sourceTree = "<group>"; };
		1FCB7ACD8F7E057679621897 /* AccountsViewModel.swift */ = {isa = PBXFileReference; fileEncoding = 4; lastKnownFileType = sourcecode.swift; path = AccountsViewModel.swift; sourceTree = "<group>"; };
		1FCB7BDF0E879F1578FB13D0 /* ProflieView.swift */ = {isa = PBXFileReference; fileEncoding = 4; lastKnownFileType = sourcecode.swift; path = ProflieView.swift; sourceTree = "<group>"; };
		1FCB7C4E3E93CDD70AD8DCC1 /* WorkspacesView.swift */ = {isa = PBXFileReference; fileEncoding = 4; lastKnownFileType = sourcecode.swift; path = WorkspacesView.swift; sourceTree = "<group>"; };
		1FCB7C6403EE8A0091F9C3AC /* CreateAccountView.swift */ = {isa = PBXFileReference; fileEncoding = 4; lastKnownFileType = sourcecode.swift; path = CreateAccountView.swift; sourceTree = "<group>"; };
		1FCB7D2C21891A9AE2804154 /* Modal.swift */ = {isa = PBXFileReference; fileEncoding = 4; lastKnownFileType = sourcecode.swift; path = Modal.swift; sourceTree = "<group>"; };
		1FCB7D6AC6CEDB402D6F242A /* AppState.swift */ = {isa = PBXFileReference; fileEncoding = 4; lastKnownFileType = sourcecode.swift; path = AppState.swift; sourceTree = "<group>"; };
		1FCB7E8839B6F36DABAA626E /* ProfileViewModel.swift */ = {isa = PBXFileReference; fileEncoding = 4; lastKnownFileType = sourcecode.swift; path = ProfileViewModel.swift; sourceTree = "<group>"; };
		41CC6A14DD5B8A3D385ADCB2 /* AccountsView.swift */ = {isa = PBXFileReference; fileEncoding = 4; lastKnownFileType = sourcecode.swift; path = AccountsView.swift; sourceTree = "<group>"; };
		7555FF7B242A565900829871 /* funnelmink.app */ = {isa = PBXFileReference; explicitFileType = wrapper.application; includeInIndex = 0; path = funnelmink.app; sourceTree = BUILT_PRODUCTS_DIR; };
		AB3632DC29227652001CCB65 /* DebugConfig.xcconfig */ = {isa = PBXFileReference; fileEncoding = 4; lastKnownFileType = text.xcconfig; path = DebugConfig.xcconfig; sourceTree = "<group>"; };
/* End PBXFileReference section */

/* Begin PBXFrameworksBuildPhase section */
		0D012E332B477D7F00658153 /* Frameworks */ = {
			isa = PBXFrameworksBuildPhase;
			buildActionMask = 2147483647;
			files = (
				0D012E292B477D7E00658153 /* GTMAppAuth.xcframework in Frameworks */,
				0D012E192B477D7E00658153 /* FirebaseRemoteConfigSwift.xcframework in Frameworks */,
				0D012DFD2B477D7E00658153 /* FBLPromises.xcframework in Frameworks */,
				0D012E2D2B477D7F00658153 /* leveldb-library.xcframework in Frameworks */,
				0D012E2B2B477D7F00658153 /* GTMSessionFetcher.xcframework in Frameworks */,
				0D012DF72B477D7E00658153 /* abseil.xcframework in Frameworks */,
				0D012DFB2B477D7E00658153 /* BoringSSL-GRPC.xcframework in Frameworks */,
				0D012E272B477D7E00658153 /* gRPC-Core.xcframework in Frameworks */,
				0D012E212B477D7E00658153 /* GoogleSignIn.xcframework in Frameworks */,
				0D012E132B477D7E00658153 /* FirebaseFirestoreSwift.xcframework in Frameworks */,
				0D012E052B477D7E00658153 /* FirebaseAppCheckInterop.xcframework in Frameworks */,
				1FA27F7F2B5CAD7700A447C3 /* Lottie in Frameworks */,
				0D012E1D2B477D7E00658153 /* GoogleAppMeasurement.xcframework in Frameworks */,
				0D012E172B477D7E00658153 /* FirebaseRemoteConfig.xcframework in Frameworks */,
				0D012DFF2B477D7E00658153 /* FirebaseABTesting.xcframework in Frameworks */,
				0D012E032B477D7E00658153 /* FirebaseAnalyticsSwift.xcframework in Frameworks */,
				0D012DF92B477D7E00658153 /* AppAuth.xcframework in Frameworks */,
				0D012E092B477D7E00658153 /* FirebaseCore.xcframework in Frameworks */,
				0D012E232B477D7E00658153 /* GoogleUtilities.xcframework in Frameworks */,
				0D012E2F2B477D7F00658153 /* nanopb.xcframework in Frameworks */,
				0D012E0D2B477D7E00658153 /* FirebaseCoreInternal.xcframework in Frameworks */,
				0D012E312B477D7F00658153 /* RecaptchaInterop.xcframework in Frameworks */,
				0D012E152B477D7E00658153 /* FirebaseInstallations.xcframework in Frameworks */,
				0D012E112B477D7E00658153 /* FirebaseFirestoreInternal.xcframework in Frameworks */,
				0D012E1B2B477D7E00658153 /* FirebaseSharedSwift.xcframework in Frameworks */,
				0DE9E0A72B60E9E500B8288F /* Kingfisher in Frameworks */,
				0D012E1F2B477D7E00658153 /* GoogleAppMeasurementIdentitySupport.xcframework in Frameworks */,
				0D012E0B2B477D7E00658153 /* FirebaseCoreExtension.xcframework in Frameworks */,
				0D012E072B477D7E00658153 /* FirebaseAuth.xcframework in Frameworks */,
				0D012E252B477D7E00658153 /* gRPC-C++.xcframework in Frameworks */,
				0D012E012B477D7E00658153 /* FirebaseAnalytics.xcframework in Frameworks */,
				0D012E0F2B477D7E00658153 /* FirebaseFirestore.xcframework in Frameworks */,
			);
			runOnlyForDeploymentPostprocessing = 0;
		};
/* End PBXFrameworksBuildPhase section */

/* Begin PBXGroup section */
		058557D7273AAEEB004C7B11 /* Preview Content */ = {
			isa = PBXGroup;
			children = (
				058557D8273AAEEB004C7B11 /* Preview Assets.xcassets */,
			);
			path = "Preview Content";
			sourceTree = "<group>";
		};
		0D012DCE2B477D1900658153 /* FirebaseFirestore */ = {
			isa = PBXGroup;
			children = (
				0D012DCF2B477D1900658153 /* FirebaseFirestore.xcframework */,
				0D012DD02B477D1900658153 /* gRPC-Core.xcframework */,
				0D012DD12B477D1900658153 /* Resources */,
				0D012DD32B477D1900658153 /* leveldb-library.xcframework */,
				0D012DD42B477D1900658153 /* FirebaseCoreExtension.xcframework */,
				0D012DD52B477D1900658153 /* gRPC-C++.xcframework */,
				0D012DD62B477D1900658153 /* FirebaseFirestoreInternal.xcframework */,
				0D012DD72B477D1900658153 /* BoringSSL-GRPC.xcframework */,
				0D012DD82B477D1900658153 /* FirebaseAppCheckInterop.xcframework */,
				0D012DD92B477D1900658153 /* FirebaseSharedSwift.xcframework */,
				0D012DDA2B477D1900658153 /* FirebaseFirestoreSwift.xcframework */,
				0D012DDB2B477D1900658153 /* abseil.xcframework */,
			);
			path = FirebaseFirestore;
			sourceTree = "<group>";
		};
		0D012DD12B477D1900658153 /* Resources */ = {
			isa = PBXGroup;
			children = (
				0D012DD22B477D1900658153 /* gRPCCertificates-Cpp.bundle */,
			);
			path = Resources;
			sourceTree = "<group>";
		};
		0D012DDC2B477D1A00658153 /* FirebaseAuth */ = {
			isa = PBXGroup;
			children = (
				0D012DDD2B477D1A00658153 /* RecaptchaInterop.xcframework */,
				0D012DDE2B477D1A00658153 /* FirebaseAuth.xcframework */,
			);
			path = FirebaseAuth;
			sourceTree = "<group>";
		};
		0D012DDF2B477D1C00658153 /* FirebaseAnalytics */ = {
			isa = PBXGroup;
			children = (
				0D012DE02B477D1C00658153 /* nanopb.xcframework */,
				0D012DE12B477D1C00658153 /* GoogleAppMeasurementIdentitySupport.xcframework */,
				0D012DE22B477D1C00658153 /* FirebaseAnalytics.xcframework */,
				0D012DE32B477D1C00658153 /* FirebaseAnalyticsSwift.xcframework */,
				0D012DE42B477D1C00658153 /* FirebaseInstallations.xcframework */,
				0D012DE52B477D1C00658153 /* FBLPromises.xcframework */,
				0D012DE62B477D1C00658153 /* FirebaseCore.xcframework */,
				0D012DE72B477D1C00658153 /* FirebaseCoreInternal.xcframework */,
				0D012DE82B477D1C00658153 /* GoogleAppMeasurement.xcframework */,
				0D012DE92B477D1C00658153 /* GoogleUtilities.xcframework */,
			);
			path = FirebaseAnalytics;
			sourceTree = "<group>";
		};
		0D012DEA2B477D1D00658153 /* FirebaseRemoteConfig */ = {
			isa = PBXGroup;
			children = (
				0D012DEB2B477D1D00658153 /* FirebaseRemoteConfigSwift.xcframework */,
				0D012DEC2B477D1D00658153 /* FirebaseRemoteConfig.xcframework */,
				0D012DED2B477D1D00658153 /* FirebaseABTesting.xcframework */,
			);
			path = FirebaseRemoteConfig;
			sourceTree = "<group>";
		};
		0D012DEE2B477D1D00658153 /* GoogleSignIn */ = {
			isa = PBXGroup;
			children = (
				0D012DEF2B477D1D00658153 /* AppAuth.xcframework */,
				0D012DF02B477D1D00658153 /* Resources */,
				0D012DF22B477D1D00658153 /* GoogleSignIn.xcframework */,
				0D012DF32B477D1D00658153 /* GTMAppAuth.xcframework */,
				0D012DF42B477D1D00658153 /* GTMSessionFetcher.xcframework */,
			);
			path = GoogleSignIn;
			sourceTree = "<group>";
		};
		0D012DF02B477D1D00658153 /* Resources */ = {
			isa = PBXGroup;
			children = (
				0D012DF12B477D1D00658153 /* GoogleSignIn.bundle */,
			);
			path = Resources;
			sourceTree = "<group>";
		};
		0D012E352B477E3900658153 /* FunnelsTab */ = {
			isa = PBXGroup;
			children = (
				0D012E362B477E3900658153 /* FunnelsView.swift */,
				0D3E40432B6413B20096E222 /* FunnelsViewModel.swift */,
				0D79725E2B7A81930048E942 /* Cases */,
				0D79725D2B7A81890048E942 /* Leads */,
				0D79725F2B7A81990048E942 /* Opportunities */,
				1FCB78B08A792C000D33E2AA /* CloseRecordView.swift */,
			);
			path = FunnelsTab;
			sourceTree = "<group>";
		};
		0D012E372B477E3900658153 /* TodayTab */ = {
			isa = PBXGroup;
			children = (
				0D012E382B477E3900658153 /* TodayView.swift */,
				0DCC16352B50DC9D008F705B /* TaskCell.swift */,
				0DCC16332B50D26C008F705B /* TodayViewModel.swift */,
				0DCC16372B50E184008F705B /* EditTaskView.swift */,
				0DCC16392B511A2C008F705B /* EditTaskViewModel.swift */,
				0D5987362B5607DF00327504 /* TaskDetailView.swift */,
				0D5987382B561FCD00327504 /* TaskCompletionButton.swift */,
			);
			path = TodayTab;
			sourceTree = "<group>";
		};
		0D012E392B477E3900658153 /* Extensions */ = {
			isa = PBXGroup;
			children = (
				0D012E3A2B477E3900658153 /* CGFloat+.swift */,
				0D012E3E2B477E3900658153 /* Color+.swift */,
				0DCC163B2B5249DC008F705B /* Date+.swift */,
				0DCC163D2B524AE2008F705B /* DateFormatter+.swift */,
				1FCB7097FD586CA3E01B3C36 /* Double+.swift */,
				0D012E3C2B477E3900658153 /* Gradient+.swift */,
				0D73AB122B54DAF30026EC4D /* Int32+.swift */,
				1FCB712F2F5BC2ECA5C8C449 /* Shared+.swift */,
				0D012E3B2B477E3900658153 /* String+.swift */,
				0D012E402B477E3900658153 /* SwiftUI+.swift */,
				0D012E3F2B477E3900658153 /* View+.swift */,
			);
			path = Extensions;
			sourceTree = "<group>";
		};
		0D012E412B477E3900658153 /* Architecture */ = {
			isa = PBXGroup;
			children = (
				0D012E4A2B477E3900658153 /* AppDelegate.swift */,
				1FCB7D6AC6CEDB402D6F242A /* AppState.swift */,
				0D012E462B477E3900658153 /* Networking.swift */,
				0D012E432B477E3900658153 /* Properties.swift */,
				0D012E472B477E3900658153 /* ViewModel.swift */,
				0D45D8082B5E018A00591524 /* Navigation */,
				0D76D98E2B8CF80A0013FA62 /* FunnelminkTab.swift */,
			);
			path = Architecture;
			sourceTree = "<group>";
		};
		0D012E4B2B477E3900658153 /* InboxTab */ = {
			isa = PBXGroup;
			children = (
				0D012E4C2B477E3900658153 /* InboxView.swift */,
			);
			path = InboxTab;
			sourceTree = "<group>";
		};
		0D012E4D2B477E3900658153 /* LoginView */ = {
			isa = PBXGroup;
			children = (
				0D012E4F2B477E3900658153 /* LoginView.swift */,
				0D012E502B477E3900658153 /* Components */,
				1FCB7A3AB02D5F9F52C1AB1F /* LoginViewModel.swift */,
			);
			path = LoginView;
			sourceTree = "<group>";
		};
		0D012E502B477E3900658153 /* Components */ = {
			isa = PBXGroup;
			children = (
				0D012E512B477E3900658153 /* FunnelminkGradient.swift */,
			);
			path = Components;
			sourceTree = "<group>";
		};
		0D012E522B477E3A00658153 /* ProfileTab */ = {
			isa = PBXGroup;
			children = (
				0D012E542B477E3A00658153 /* WorkspaceInviteView.swift */,
				0D22BAFA2B8FABC10012BCA8 /* RolePicker.swift */,
				0D012E552B477E3A00658153 /* WorkspaceSettingsView.swift */,
				0D012E572B477E3A00658153 /* WorkspaceSettingsViewModel.swift */,
				1FCB7E8839B6F36DABAA626E /* ProfileViewModel.swift */,
				1FCB7BDF0E879F1578FB13D0 /* ProflieView.swift */,
			);
			path = ProfileTab;
			sourceTree = "<group>";
		};
		0D012E582B477E3A00658153 /* Components */ = {
			isa = PBXGroup;
			children = (
				0D012E592B477E3A00658153 /* AsyncButton.swift */,
				1F022A382B49159100966345 /* CustomAccordion.swift */,
				1F9D49AE2B747CCD0085106C /* AddContactAccordion.swift */,
				1F022A372B49159100966345 /* CustomButton.swift */,
				1F022A392B49159100966345 /* CustomCell.swift */,
				1FA27F7B2B5CAA9F00A447C3 /* CustomEmptyView.swift */,
				1F022A3A2B49159100966345 /* CustomTextField.swift */,
				0D3E40412B640F130096E222 /* Kanban.swift */,
				1FCB73DEFFC09C0D5A581EFC /* LabeledRow.swift */,
				0D7972512B75E7E80048E942 /* MenuFAB.swift */,
				1FA27F792B5978F300A447C3 /* TimelineView.swift */,
				0D012E5A2B477E3A00658153 /* WarningAlertButton.swift */,
			);
			path = Components;
			sourceTree = "<group>";
		};
		0D012E612B477E3A00658153 /* Workspaces */ = {
			isa = PBXGroup;
			children = (
				0D012E632B477E3A00658153 /* JoinExistingWorkspaceViewModel.swift */,
				0D012E652B477E3A00658153 /* JoinExistingWorkspaceView.swift */,
				0D012E662B477E3A00658153 /* CreateWorkspaceView.swift */,
				1FCB7C4E3E93CDD70AD8DCC1 /* WorkspacesView.swift */,
				1FCB729289973E82B53DC6AE /* WorkspacesViewModel.swift */,
			);
			path = Workspaces;
			sourceTree = "<group>";
		};
		0D45D8082B5E018A00591524 /* Navigation */ = {
			isa = PBXGroup;
			children = (
				0D012E442B477E3900658153 /* Navigation.swift */,
				0D012E482B477E3900658153 /* ExternalDeeplink.swift */,
				1FCB7D2C21891A9AE2804154 /* Modal.swift */,
				1FCB72AEE522D13EAC8565D2 /* Segue.swift */,
				0D45D8092B5E01A100591524 /* Toast.swift */,
			);
			path = Navigation;
			sourceTree = "<group>";
		};
		0D7759442B6B75C500A61BAC /* AccountsTab */ = {
			isa = PBXGroup;
			children = (
				0D7759472B6B75C500A61BAC /* ImportContacts */,
				1FCB7ACD8F7E057679621897 /* AccountsViewModel.swift */,
				41CC6A14DD5B8A3D385ADCB2 /* AccountsView.swift */,
				1FCB79A7D2ED77D23827B2FB /* AccountView.swift */,
				1FCB7C6403EE8A0091F9C3AC /* CreateAccountView.swift */,
				1F610AE72B7BE48300A9D262 /* CreateContactView.swift */,
				1F2335272B8155640035547D /* ContactDetailsView.swift */,
			);
			path = AccountsTab;
			sourceTree = "<group>";
		};
		0D7759472B6B75C500A61BAC /* ImportContacts */ = {
			isa = PBXGroup;
			children = (
				0D7759482B6B75C500A61BAC /* ImportContactsView.swift */,
				0D7759492B6B75C500A61BAC /* ImportContactsVM.swift */,
			);
			path = ImportContacts;
			sourceTree = "<group>";
		};
		0D79725D2B7A81890048E942 /* Leads */ = {
			isa = PBXGroup;
			children = (
				1FCB704EE675D6553F6CC5D8 /* ConvertLeadView.swift */,
				0D7972532B767CFD0048E942 /* EditLeadView.swift */,
				0D7972592B76E0840048E942 /* EditLeadViewModel.swift */,
				0D79725B2B7A816C0048E942 /* LeadDetailView.swift */,
			);
			path = Leads;
			sourceTree = "<group>";
		};
		0D79725E2B7A81930048E942 /* Cases */ = {
			isa = PBXGroup;
			children = (
				0D7972602B7AB5190048E942 /* CaseDetailView.swift */,
				0D7972552B767D070048E942 /* EditCaseView.swift */,
				0D9894FD2B814BFD00725BAC /* EditCaseViewModel.swift */,
			);
			path = Cases;
			sourceTree = "<group>";
		};
		0D79725F2B7A81990048E942 /* Opportunities */ = {
			isa = PBXGroup;
			children = (
				0D7972572B767D100048E942 /* EditOpportunityView.swift */,
				1FCB7805FE812978E02B4C3E /* EditOpportunityViewModel.swift */,
				0D7972622B7AB5400048E942 /* OpportunityDetailView.swift */,
			);
			path = Opportunities;
			sourceTree = "<group>";
		};
		0DBF9CAD2B5A16C20045AC44 /* DebugMenu */ = {
			isa = PBXGroup;
			children = (
				0DBF9CAE2B5A16C20045AC44 /* DebugMenu.swift */,
				0DE9E09C2B60CB7200B8288F /* FeatureFlags.swift */,
				0DBF9CB22B5A35FB0045AC44 /* FeatureFlagsView.swift */,
				0DBF9CB02B5A35F20045AC44 /* LogsView.swift */,
				0DE9E0A12B60DDAC00B8288F /* UpdateWallView.swift */,
				0DE9E0A32B60DDBA00B8288F /* WhatsNewView.swift */,
				0DE9E09E2B60D6B500B8288F /* Components */,
			);
			path = DebugMenu;
			sourceTree = "<group>";
		};
		0DE9E09E2B60D6B500B8288F /* Components */ = {
			isa = PBXGroup;
			children = (
				0DE9E09F2B60D6BF00B8288F /* DebugDivider.swift */,
			);
			path = Components;
			sourceTree = "<group>";
		};
		1FA27F802B5CAFC400A447C3 /* LottieFiles */ = {
			isa = PBXGroup;
			children = (
				1FA27F812B5CAFF200A447C3 /* ContactsLottie.json */,
				1FA27F832B5EE80E00A447C3 /* TasksLottie.json */,
			);
			path = LottieFiles;
			sourceTree = "<group>";
		};
		1FCB73951508CB9D7232AE9F /* xcschemes */ = {
			isa = PBXGroup;
			children = (
			);
			path = xcschemes;
			sourceTree = "<group>";
		};
		1FCB73A6AEB058CE4B5AE40B /* xcuserdata */ = {
			isa = PBXGroup;
			children = (
				1FCB748BC4D5293EE49EEABA /* jarwarren.xcuserdatad */,
				41CC66C8F97DDF864CFC73DA /* jeremywarren.xcuserdatad */,
			);
			path = xcuserdata;
			sourceTree = "<group>";
		};
		1FCB746924C37EA5AB8A0F89 /* project.xcworkspace */ = {
			isa = PBXGroup;
			children = (
				1FCB7475BD48EB3A4853AF75 /* xcshareddata */,
				1FCB73A6AEB058CE4B5AE40B /* xcuserdata */,
			);
			name = project.xcworkspace;
			path = iosApp.xcodeproj/project.xcworkspace;
			sourceTree = "<group>";
		};
		1FCB7475BD48EB3A4853AF75 /* xcshareddata */ = {
			isa = PBXGroup;
			children = (
				1FCB7FE8CF4DF7CEAE01517A /* swiftpm */,
			);
			path = xcshareddata;
			sourceTree = "<group>";
		};
		1FCB748BC4D5293EE49EEABA /* jarwarren.xcuserdatad */ = {
			isa = PBXGroup;
			children = (
			);
			path = jarwarren.xcuserdatad;
			sourceTree = "<group>";
		};
		1FCB75B9F417D25DD85B206F /* jarwarren.xcuserdatad */ = {
			isa = PBXGroup;
			children = (
				1FCB73951508CB9D7232AE9F /* xcschemes */,
				1FCB7AC79B21DAB70F01D61E /* xcdebugger */,
			);
			path = jarwarren.xcuserdatad;
			sourceTree = "<group>";
		};
		1FCB773887B4EB1A9B688D7E /* xcuserdata */ = {
			isa = PBXGroup;
			children = (
				1FCB75B9F417D25DD85B206F /* jarwarren.xcuserdatad */,
				41CC64D4F40910F2CFB187DF /* jeremywarren.xcuserdatad */,
			);
			name = xcuserdata;
			path = iosApp.xcodeproj/xcuserdata;
			sourceTree = "<group>";
		};
		1FCB7AC79B21DAB70F01D61E /* xcdebugger */ = {
			isa = PBXGroup;
			children = (
			);
			path = xcdebugger;
			sourceTree = "<group>";
		};
		1FCB7F587D73CA1C8312E8CF /* configuration */ = {
			isa = PBXGroup;
			children = (
			);
			path = configuration;
			sourceTree = "<group>";
		};
		1FCB7FE8CF4DF7CEAE01517A /* swiftpm */ = {
			isa = PBXGroup;
			children = (
				1FCB7F587D73CA1C8312E8CF /* configuration */,
			);
			path = swiftpm;
			sourceTree = "<group>";
		};
		41CC64D4F40910F2CFB187DF /* jeremywarren.xcuserdatad */ = {
			isa = PBXGroup;
			children = (
				41CC66322A28CCE491022D1C /* xcschemes */,
			);
			path = jeremywarren.xcuserdatad;
			sourceTree = "<group>";
		};
		41CC66322A28CCE491022D1C /* xcschemes */ = {
			isa = PBXGroup;
			children = (
			);
			path = xcschemes;
			sourceTree = "<group>";
		};
		41CC66C8F97DDF864CFC73DA /* jeremywarren.xcuserdatad */ = {
			isa = PBXGroup;
			children = (
			);
			path = jeremywarren.xcuserdatad;
			sourceTree = "<group>";
		};
		42799AB246E5F90AF97AA0EF /* Frameworks */ = {
			isa = PBXGroup;
			children = (
				0D012DDF2B477D1C00658153 /* FirebaseAnalytics */,
				0D012DDC2B477D1A00658153 /* FirebaseAuth */,
				0D012DCE2B477D1900658153 /* FirebaseFirestore */,
				0D012DEA2B477D1D00658153 /* FirebaseRemoteConfig */,
				0D012DEE2B477D1D00658153 /* GoogleSignIn */,
			);
			name = Frameworks;
			sourceTree = "<group>";
		};
		7555FF72242A565900829871 = {
			isa = PBXGroup;
			children = (
				AB1DB47929225F7C00F7AF9C /* Configuration */,
				42799AB246E5F90AF97AA0EF /* Frameworks */,
				7555FF7D242A565900829871 /* iosApp */,
				7555FF7C242A565900829871 /* Products */,
				1FCB746924C37EA5AB8A0F89 /* project.xcworkspace */,
				1FCB773887B4EB1A9B688D7E /* xcuserdata */,
			);
			sourceTree = "<group>";
		};
		7555FF7C242A565900829871 /* Products */ = {
			isa = PBXGroup;
			children = (
				7555FF7B242A565900829871 /* funnelmink.app */,
			);
			name = Products;
			sourceTree = "<group>";
		};
		7555FF7D242A565900829871 /* iosApp */ = {
			isa = PBXGroup;
			children = (
				0D012E962B47868000658153 /* iosApp.entitlements */,
				0D012E8F2B477F2500658153 /* FunnelminkApp.swift */,
				0D012E8D2B477E9000658153 /* Assets.xcassets */,
				0D7759442B6B75C500A61BAC /* AccountsTab */,
				0D012E412B477E3900658153 /* Architecture */,
				0D012E582B477E3A00658153 /* Components */,
				0DBF9CAD2B5A16C20045AC44 /* DebugMenu */,
				0D012E392B477E3900658153 /* Extensions */,
				0D012E352B477E3900658153 /* FunnelsTab */,
				0D012E4B2B477E3900658153 /* InboxTab */,
				0D012E4D2B477E3900658153 /* LoginView */,
				1FA27F802B5CAFC400A447C3 /* LottieFiles */,
				058557D7273AAEEB004C7B11 /* Preview Content */,
				0D012E522B477E3A00658153 /* ProfileTab */,
				0D012E372B477E3900658153 /* TodayTab */,
				0D012E612B477E3A00658153 /* Workspaces */,
			);
			path = iosApp;
			sourceTree = "<group>";
		};
		AB1DB47929225F7C00F7AF9C /* Configuration */ = {
			isa = PBXGroup;
			children = (
				0D012E9C2B47878F00658153 /* Firebase.h */,
				0D012E972B4786DD00658153 /* funnelmink-Bridging-Header.h */,
				0D012E912B477FFC00658153 /* GoogleService-Info-DEV.plist */,
				0D012E922B477FFC00658153 /* GoogleService-Info-PROD.plist */,
				AB3632DC29227652001CCB65 /* DebugConfig.xcconfig */,
				0DBB67562B4FA39B00CFE9A5 /* ReleaseConfig.xcconfig */,
				0DBB674E2B4FA1FF00CFE9A5 /* DevEnvironment.xcconfig */,
				0D012E992B47877B00658153 /* LocalEnvironment.xcconfig */,
				0D012E982B47877A00658153 /* ProdEnvironment.xcconfig */,
			);
			path = Configuration;
			sourceTree = "<group>";
		};
/* End PBXGroup section */

/* Begin PBXNativeTarget section */
		7555FF7A242A565900829871 /* iosApp */ = {
			isa = PBXNativeTarget;
			buildConfigurationList = 7555FFA5242A565B00829871 /* Build configuration list for PBXNativeTarget "iosApp" */;
			buildPhases = (
				F36B1CEA2AD836FC00CB74D5 /* Compile Kotlin */,
				0D012E952B4780CA00658153 /* GoogleService-Info Plist */,
				7555FF77242A565900829871 /* Sources */,
				7555FF79242A565900829871 /* Resources */,
				0D012E332B477D7F00658153 /* Frameworks */,
			);
			buildRules = (
			);
			dependencies = (
			);
			name = iosApp;
			packageProductDependencies = (
				1FA27F7E2B5CAD7700A447C3 /* Lottie */,
				0DE9E0A62B60E9E500B8288F /* Kingfisher */,
			);
			productName = iosApp;
			productReference = 7555FF7B242A565900829871 /* funnelmink.app */;
			productType = "com.apple.product-type.application";
		};
/* End PBXNativeTarget section */

/* Begin PBXProject section */
		7555FF73242A565900829871 /* Project object */ = {
			isa = PBXProject;
			attributes = {
				BuildIndependentTargetsInParallel = YES;
				LastSwiftUpdateCheck = 1130;
				LastUpgradeCheck = 1520;
				ORGANIZATIONNAME = orgName;
				TargetAttributes = {
					7555FF7A242A565900829871 = {
						CreatedOnToolsVersion = 11.3.1;
					};
				};
			};
			buildConfigurationList = 7555FF76242A565900829871 /* Build configuration list for PBXProject "iosApp" */;
			compatibilityVersion = "Xcode 9.3";
			developmentRegion = en;
			hasScannedForEncodings = 0;
			knownRegions = (
				en,
				Base,
			);
			mainGroup = 7555FF72242A565900829871;
			packageReferences = (
				1FA27F7D2B5CAD7700A447C3 /* XCRemoteSwiftPackageReference "lottie-ios" */,
				0DE9E0A52B60E9E500B8288F /* XCRemoteSwiftPackageReference "Kingfisher" */,
			);
			productRefGroup = 7555FF7C242A565900829871 /* Products */;
			projectDirPath = "";
			projectRoot = "";
			targets = (
				7555FF7A242A565900829871 /* iosApp */,
			);
		};
/* End PBXProject section */

/* Begin PBXResourcesBuildPhase section */
		7555FF79242A565900829871 /* Resources */ = {
			isa = PBXResourcesBuildPhase;
			buildActionMask = 2147483647;
			files = (
				0D012E942B477FFC00658153 /* GoogleService-Info-PROD.plist in Resources */,
				0D012DF62B477D1D00658153 /* GoogleSignIn.bundle in Resources */,
				058557D9273AAEEB004C7B11 /* Preview Assets.xcassets in Resources */,
				0D012E8E2B477E9000658153 /* Assets.xcassets in Resources */,
				1FA27F842B5EE80E00A447C3 /* TasksLottie.json in Resources */,
				1FA27F822B5CAFF200A447C3 /* ContactsLottie.json in Resources */,
				0D012DF52B477D1D00658153 /* gRPCCertificates-Cpp.bundle in Resources */,
				0D012E932B477FFC00658153 /* GoogleService-Info-DEV.plist in Resources */,
			);
			runOnlyForDeploymentPostprocessing = 0;
		};
/* End PBXResourcesBuildPhase section */

/* Begin PBXShellScriptBuildPhase section */
		0D012E952B4780CA00658153 /* GoogleService-Info Plist */ = {
			isa = PBXShellScriptBuildPhase;
			buildActionMask = 2147483647;
			files = (
			);
			inputFileListPaths = (
			);
			inputPaths = (
			);
			name = "GoogleService-Info Plist";
			outputFileListPaths = (
			);
			outputPaths = (
			);
			runOnlyForDeploymentPostprocessing = 0;
			shellPath = /bin/sh;
			shellScript = "PATH_TO_GOOGLE_PLISTS=\"${PROJECT_DIR}/Configuration\"\ncp -r \"$PATH_TO_GOOGLE_PLISTS/${GOOGLE_SERVICE_PATH}.plist\" \"${BUILT_PRODUCTS_DIR}/${PRODUCT_NAME}.app/GoogleService-Info.plist\"\n";
		};
		F36B1CEA2AD836FC00CB74D5 /* Compile Kotlin */ = {
			isa = PBXShellScriptBuildPhase;
			buildActionMask = 2147483647;
			files = (
			);
			inputFileListPaths = (
			);
			inputPaths = (
			);
			name = "Compile Kotlin";
			outputFileListPaths = (
			);
			outputPaths = (
			);
			runOnlyForDeploymentPostprocessing = 0;
			shellPath = /bin/sh;
			shellScript = "if [ \"YES\" = \"$OVERRIDE_KOTLIN_BUILD_IDE_SUPPORTED\" ]; then\n  echo \"Skipping Gradle build task invocation due to OVERRIDE_KOTLIN_BUILD_IDE_SUPPORTED environment variable set to \\\"YES\\\"\"\n  exit 0\nfi\ncd \"$SRCROOT/..\"\n./gradlew :shared:embedAndSignAppleFrameworkForXcode\n";
		};
/* End PBXShellScriptBuildPhase section */

/* Begin PBXSourcesBuildPhase section */
		7555FF77242A565900829871 /* Sources */ = {
			isa = PBXSourcesBuildPhase;
			buildActionMask = 2147483647;
			files = (
				0D7972542B767CFD0048E942 /* EditLeadView.swift in Sources */,
				0D012E902B477F2500658153 /* FunnelminkApp.swift in Sources */,
				0D012E6F2B477E3A00658153 /* SwiftUI+.swift in Sources */,
				0D012E7B2B477E3A00658153 /* LoginView.swift in Sources */,
				0D012E892B477E3A00658153 /* JoinExistingWorkspaceViewModel.swift in Sources */,
				0D7972612B7AB5190048E942 /* CaseDetailView.swift in Sources */,
				0D012E7E2B477E3A00658153 /* WorkspaceInviteView.swift in Sources */,
				0DCC163C2B5249DC008F705B /* Date+.swift in Sources */,
				0DCC16342B50D26C008F705B /* TodayViewModel.swift in Sources */,
				1F022A3C2B49159100966345 /* CustomAccordion.swift in Sources */,
				1F022A3E2B49159100966345 /* CustomTextField.swift in Sources */,
				0D79725A2B76E0840048E942 /* EditLeadViewModel.swift in Sources */,
				0D22BAFB2B8FABC10012BCA8 /* RolePicker.swift in Sources */,
				0DCC163A2B511A2C008F705B /* EditTaskViewModel.swift in Sources */,
				0D73AB132B54DAF30026EC4D /* Int32+.swift in Sources */,
				0D012E742B477E3A00658153 /* Networking.swift in Sources */,
				0DCC16382B50E184008F705B /* EditTaskView.swift in Sources */,
				0D77594F2B6B75C500A61BAC /* ImportContactsVM.swift in Sources */,
				0DBF9CB12B5A35F20045AC44 /* LogsView.swift in Sources */,
				0D3E40422B640F130096E222 /* Kanban.swift in Sources */,
				0D012E6D2B477E3A00658153 /* Color+.swift in Sources */,
				0D012E752B477E3A00658153 /* ViewModel.swift in Sources */,
				0D79725C2B7A816C0048E942 /* LeadDetailView.swift in Sources */,
				0D012E782B477E3A00658153 /* AppDelegate.swift in Sources */,
				1FA27F7C2B5CAA9F00A447C3 /* CustomEmptyView.swift in Sources */,
				0D012E672B477E3A00658153 /* FunnelsView.swift in Sources */,
				0DE9E09D2B60CB7200B8288F /* FeatureFlags.swift in Sources */,
				0DCC16362B50DC9D008F705B /* TaskCell.swift in Sources */,
				0D012E792B477E3A00658153 /* InboxView.swift in Sources */,
				0D012E682B477E3A00658153 /* TodayView.swift in Sources */,
				0D3E40442B6413B20096E222 /* FunnelsViewModel.swift in Sources */,
				0D9894FE2B814BFD00725BAC /* EditCaseViewModel.swift in Sources */,
				0D7972522B75E7E80048E942 /* MenuFAB.swift in Sources */,
				1F2335282B8155640035547D /* ContactDetailsView.swift in Sources */,
				0DBF9CAF2B5A16C20045AC44 /* DebugMenu.swift in Sources */,
				0D012E712B477E3A00658153 /* Properties.swift in Sources */,
				0DE9E0A22B60DDAC00B8288F /* UpdateWallView.swift in Sources */,
				0D012E7C2B477E3A00658153 /* FunnelminkGradient.swift in Sources */,
				0D5987392B561FCD00327504 /* TaskCompletionButton.swift in Sources */,
				0D77594E2B6B75C500A61BAC /* ImportContactsView.swift in Sources */,
				0D012E722B477E3A00658153 /* Navigation.swift in Sources */,
				0D012E7F2B477E3A00658153 /* WorkspaceSettingsView.swift in Sources */,
				1F610AE82B7BE48300A9D262 /* CreateContactView.swift in Sources */,
				1F022A3B2B49159100966345 /* CustomButton.swift in Sources */,
				1FA27F7A2B5978F300A447C3 /* TimelineView.swift in Sources */,
				0D45D80A2B5E01A100591524 /* Toast.swift in Sources */,
				1F022A3D2B49159100966345 /* CustomCell.swift in Sources */,
				0D7972562B767D070048E942 /* EditCaseView.swift in Sources */,
				0D7972582B767D100048E942 /* EditOpportunityView.swift in Sources */,
				0D012E6A2B477E3A00658153 /* String+.swift in Sources */,
				0D012E8B2B477E3A00658153 /* JoinExistingWorkspaceView.swift in Sources */,
				0D5987372B5607DF00327504 /* TaskDetailView.swift in Sources */,
				0D012E6B2B477E3A00658153 /* Gradient+.swift in Sources */,
				0D012E6E2B477E3A00658153 /* View+.swift in Sources */,
				0D012E762B477E3A00658153 /* ExternalDeeplink.swift in Sources */,
				0D012E822B477E3A00658153 /* AsyncButton.swift in Sources */,
				1F9D49AF2B747CCD0085106C /* AddContactAccordion.swift in Sources */,
				0D012E8C2B477E3A00658153 /* CreateWorkspaceView.swift in Sources */,
				0D012E832B477E3A00658153 /* WarningAlertButton.swift in Sources */,
				0DCC163E2B524AE2008F705B /* DateFormatter+.swift in Sources */,
				0D012E812B477E3A00658153 /* WorkspaceSettingsViewModel.swift in Sources */,
				0D012E692B477E3A00658153 /* CGFloat+.swift in Sources */,
				1FCB7CD17EFAA37FE7FA338F /* Shared+.swift in Sources */,
				1FCB70600327C8D33AEA3E90 /* Modal.swift in Sources */,
				1FCB7680DC135B3DD5B15F0C /* Segue.swift in Sources */,
				0DBF9CB32B5A35FB0045AC44 /* FeatureFlagsView.swift in Sources */,
				0DE9E0A42B60DDBA00B8288F /* WhatsNewView.swift in Sources */,
				0D7972632B7AB5400048E942 /* OpportunityDetailView.swift in Sources */,
				1FCB74155DEADF4A32FAA4E4 /* LoginViewModel.swift in Sources */,
				1FCB73F124945A937ECDAC6F /* WorkspacesView.swift in Sources */,
				1FCB781F978049D634870A8C /* WorkspacesViewModel.swift in Sources */,
				0DE9E0A02B60D6BF00B8288F /* DebugDivider.swift in Sources */,
				1FCB7BF596E9F1D2939A3E34 /* AppState.swift in Sources */,
				1FCB7D042F2C82CA13D88884 /* Double+.swift in Sources */,
				1FCB73EF89A4C87B5C5908DD /* AccountsViewModel.swift in Sources */,
				1FCB74EE9F81EC19833E8639 /* AccountView.swift in Sources */,
				1FCB76F93C37F8F4E4B76F94 /* CreateAccountView.swift in Sources */,
				0D76D98F2B8CF80A0013FA62 /* FunnelminkTab.swift in Sources */,
				1FCB77F6AD2C612392D4609B /* ProfileViewModel.swift in Sources */,
				1FCB7B2A5C922AB310B658B3 /* ProflieView.swift in Sources */,
				41CC62D6E2C9601B1230CEAA /* AccountsView.swift in Sources */,
				1FCB758646ABB9ABE0EE09E4 /* ConvertLeadView.swift in Sources */,
				1FCB790621C10F05028F2990 /* EditOpportunityViewModel.swift in Sources */,
				1FCB731B11540D8EC93FCBBD /* LabeledRow.swift in Sources */,
				1FCB7062A19F8D62F892FD92 /* CloseRecordView.swift in Sources */,
			);
			runOnlyForDeploymentPostprocessing = 0;
		};
/* End PBXSourcesBuildPhase section */

/* Begin XCBuildConfiguration section */
		0D509B1F2B7EEFA800DAC209 /* Debug */ = {
			isa = XCBuildConfiguration;
			baseConfigurationReference = AB3632DC29227652001CCB65 /* DebugConfig.xcconfig */;
			buildSettings = {
				ALWAYS_SEARCH_USER_PATHS = NO;
				ASSETCATALOG_COMPILER_GENERATE_SWIFT_ASSET_SYMBOL_EXTENSIONS = YES;
				CLANG_ANALYZER_NONNULL = YES;
				CLANG_ANALYZER_NUMBER_OBJECT_CONVERSION = YES_AGGRESSIVE;
				CLANG_CXX_LANGUAGE_STANDARD = "gnu++14";
				CLANG_CXX_LIBRARY = "libc++";
				CLANG_ENABLE_MODULES = YES;
				CLANG_ENABLE_OBJC_ARC = YES;
				CLANG_ENABLE_OBJC_WEAK = YES;
				CLANG_WARN_BLOCK_CAPTURE_AUTORELEASING = YES;
				CLANG_WARN_BOOL_CONVERSION = YES;
				CLANG_WARN_COMMA = YES;
				CLANG_WARN_CONSTANT_CONVERSION = YES;
				CLANG_WARN_DEPRECATED_OBJC_IMPLEMENTATIONS = YES;
				CLANG_WARN_DIRECT_OBJC_ISA_USAGE = YES_ERROR;
				CLANG_WARN_DOCUMENTATION_COMMENTS = YES;
				CLANG_WARN_EMPTY_BODY = YES;
				CLANG_WARN_ENUM_CONVERSION = YES;
				CLANG_WARN_INFINITE_RECURSION = YES;
				CLANG_WARN_INT_CONVERSION = YES;
				CLANG_WARN_NON_LITERAL_NULL_CONVERSION = YES;
				CLANG_WARN_OBJC_IMPLICIT_RETAIN_SELF = YES;
				CLANG_WARN_OBJC_LITERAL_CONVERSION = YES;
				CLANG_WARN_OBJC_ROOT_CLASS = YES_ERROR;
				CLANG_WARN_QUOTED_INCLUDE_IN_FRAMEWORK_HEADER = YES;
				CLANG_WARN_RANGE_LOOP_ANALYSIS = YES;
				CLANG_WARN_STRICT_PROTOTYPES = YES;
				CLANG_WARN_SUSPICIOUS_MOVE = YES;
				CLANG_WARN_UNGUARDED_AVAILABILITY = YES_AGGRESSIVE;
				CLANG_WARN_UNREACHABLE_CODE = YES;
				CLANG_WARN__DUPLICATE_METHOD_MATCH = YES;
				COPY_PHASE_STRIP = NO;
				DEBUG_INFORMATION_FORMAT = "dwarf-with-dsym";
				ENABLE_STRICT_OBJC_MSGSEND = YES;
				ENABLE_TESTABILITY = YES;
				ENABLE_USER_SCRIPT_SANDBOXING = NO;
				GCC_C_LANGUAGE_STANDARD = gnu11;
				GCC_DYNAMIC_NO_PIC = NO;
				GCC_NO_COMMON_BLOCKS = YES;
				GCC_OPTIMIZATION_LEVEL = 0;
				GCC_PREPROCESSOR_DEFINITIONS = (
					"DEBUG=1",
					"$(inherited)",
				);
				GCC_WARN_64_TO_32_BIT_CONVERSION = YES;
				GCC_WARN_ABOUT_RETURN_TYPE = YES_ERROR;
				GCC_WARN_UNDECLARED_SELECTOR = YES;
				GCC_WARN_UNINITIALIZED_AUTOS = YES_AGGRESSIVE;
				GCC_WARN_UNUSED_FUNCTION = YES;
				GCC_WARN_UNUSED_VARIABLE = YES;
				IPHONEOS_DEPLOYMENT_TARGET = 16.0;
				MTL_ENABLE_DEBUG_INFO = INCLUDE_SOURCE;
				MTL_FAST_MATH = YES;
				ONLY_ACTIVE_ARCH = YES;
				SDKROOT = iphoneos;
				SWIFT_ACTIVE_COMPILATION_CONDITIONS = DEBUG;
				SWIFT_OBJC_BRIDGING_HEADER = "configuration/funnelmink-Bridging-Header.h";
				SWIFT_OPTIMIZATION_LEVEL = "-Onone";
			};
			name = Debug;
		};
		0D509B202B7EEFA800DAC209 /* Debug */ = {
			isa = XCBuildConfiguration;
			baseConfigurationReference = 0DBB674E2B4FA1FF00CFE9A5 /* DevEnvironment.xcconfig */;
			buildSettings = {
				ASSETCATALOG_COMPILER_APPICON_NAME = AppIconDEV;
				CODE_SIGN_ENTITLEMENTS = iosApp/iosApp.entitlements;
				CODE_SIGN_IDENTITY = "Apple Development";
				CODE_SIGN_STYLE = Automatic;
				DEVELOPMENT_ASSET_PATHS = "\"iosApp/Preview Content\"";
				DEVELOPMENT_TEAM = V25QP7X3PV;
				ENABLE_PREVIEWS = YES;
				FRAMEWORK_SEARCH_PATHS = (
					"$(SRCROOT)/../shared/build/xcode-frameworks/$(CONFIGURATION)/$(SDK_NAME)\n$(SRCROOT)/../shared/build/xcode-frameworks/$(CONFIGURATION)/$(SDK_NAME)\n$(SRCROOT)/../shared/build/xcode-frameworks/$(CONFIGURATION)/$(SDK_NAME)",
				);
				INFOPLIST_FILE = iosApp/Info.plist;
				IPHONEOS_DEPLOYMENT_TARGET = 16.0;
				LD_RUNPATH_SEARCH_PATHS = (
					"$(inherited)",
					"@executable_path/Frameworks",
				);
				OTHER_LDFLAGS = (
					"$(inherited)",
					"-framework",
					shared,
					"-ObjC",
				);
				PRODUCT_BUNDLE_IDENTIFIER = "${BUNDLE_ID}${TEAM_ID}";
				"PRODUCT_BUNDLE_IDENTIFIER[sdk=iphoneos*]" = com.funnelmink.crm.dev;
				PRODUCT_NAME = "${APP_NAME}";
				PROVISIONING_PROFILE_SPECIFIER = "";
				SWIFT_VERSION = 5.0;
				TARGETED_DEVICE_FAMILY = "1,2";
			};
			name = Debug;
		};
		0DBB67502B4FA21B00CFE9A5 /* Dev */ = {
			isa = XCBuildConfiguration;
			baseConfigurationReference = AB3632DC29227652001CCB65 /* DebugConfig.xcconfig */;
			buildSettings = {
				ALWAYS_SEARCH_USER_PATHS = NO;
				ASSETCATALOG_COMPILER_GENERATE_SWIFT_ASSET_SYMBOL_EXTENSIONS = YES;
				CLANG_ANALYZER_NONNULL = YES;
				CLANG_ANALYZER_NUMBER_OBJECT_CONVERSION = YES_AGGRESSIVE;
				CLANG_CXX_LANGUAGE_STANDARD = "gnu++14";
				CLANG_CXX_LIBRARY = "libc++";
				CLANG_ENABLE_MODULES = YES;
				CLANG_ENABLE_OBJC_ARC = YES;
				CLANG_ENABLE_OBJC_WEAK = YES;
				CLANG_WARN_BLOCK_CAPTURE_AUTORELEASING = YES;
				CLANG_WARN_BOOL_CONVERSION = YES;
				CLANG_WARN_COMMA = YES;
				CLANG_WARN_CONSTANT_CONVERSION = YES;
				CLANG_WARN_DEPRECATED_OBJC_IMPLEMENTATIONS = YES;
				CLANG_WARN_DIRECT_OBJC_ISA_USAGE = YES_ERROR;
				CLANG_WARN_DOCUMENTATION_COMMENTS = YES;
				CLANG_WARN_EMPTY_BODY = YES;
				CLANG_WARN_ENUM_CONVERSION = YES;
				CLANG_WARN_INFINITE_RECURSION = YES;
				CLANG_WARN_INT_CONVERSION = YES;
				CLANG_WARN_NON_LITERAL_NULL_CONVERSION = YES;
				CLANG_WARN_OBJC_IMPLICIT_RETAIN_SELF = YES;
				CLANG_WARN_OBJC_LITERAL_CONVERSION = YES;
				CLANG_WARN_OBJC_ROOT_CLASS = YES_ERROR;
				CLANG_WARN_QUOTED_INCLUDE_IN_FRAMEWORK_HEADER = YES;
				CLANG_WARN_RANGE_LOOP_ANALYSIS = YES;
				CLANG_WARN_STRICT_PROTOTYPES = YES;
				CLANG_WARN_SUSPICIOUS_MOVE = YES;
				CLANG_WARN_UNGUARDED_AVAILABILITY = YES_AGGRESSIVE;
				CLANG_WARN_UNREACHABLE_CODE = YES;
				CLANG_WARN__DUPLICATE_METHOD_MATCH = YES;
				COPY_PHASE_STRIP = NO;
				DEBUG_INFORMATION_FORMAT = "dwarf-with-dsym";
				ENABLE_STRICT_OBJC_MSGSEND = YES;
				ENABLE_TESTABILITY = YES;
				ENABLE_USER_SCRIPT_SANDBOXING = NO;
				GCC_C_LANGUAGE_STANDARD = gnu11;
				GCC_DYNAMIC_NO_PIC = NO;
				GCC_NO_COMMON_BLOCKS = YES;
				GCC_OPTIMIZATION_LEVEL = 0;
				GCC_PREPROCESSOR_DEFINITIONS = (
					"DEBUG=1",
					"$(inherited)",
				);
				GCC_WARN_64_TO_32_BIT_CONVERSION = YES;
				GCC_WARN_ABOUT_RETURN_TYPE = YES_ERROR;
				GCC_WARN_UNDECLARED_SELECTOR = YES;
				GCC_WARN_UNINITIALIZED_AUTOS = YES_AGGRESSIVE;
				GCC_WARN_UNUSED_FUNCTION = YES;
				GCC_WARN_UNUSED_VARIABLE = YES;
				IPHONEOS_DEPLOYMENT_TARGET = 16.0;
				MTL_ENABLE_DEBUG_INFO = INCLUDE_SOURCE;
				MTL_FAST_MATH = YES;
				ONLY_ACTIVE_ARCH = YES;
				SDKROOT = iphoneos;
				SWIFT_ACTIVE_COMPILATION_CONDITIONS = DEBUG;
				SWIFT_OBJC_BRIDGING_HEADER = "configuration/funnelmink-Bridging-Header.h";
				SWIFT_OPTIMIZATION_LEVEL = "-Onone";
			};
			name = Dev;
		};
		0DBB67512B4FA21B00CFE9A5 /* Dev */ = {
			isa = XCBuildConfiguration;
			baseConfigurationReference = 0DBB674E2B4FA1FF00CFE9A5 /* DevEnvironment.xcconfig */;
			buildSettings = {
				ASSETCATALOG_COMPILER_APPICON_NAME = AppIconDEV;
				CODE_SIGN_ENTITLEMENTS = iosApp/iosApp.entitlements;
				CODE_SIGN_IDENTITY = "Apple Development";
				CODE_SIGN_STYLE = Automatic;
				DEVELOPMENT_ASSET_PATHS = "\"iosApp/Preview Content\"";
				DEVELOPMENT_TEAM = V25QP7X3PV;
				ENABLE_PREVIEWS = YES;
				FRAMEWORK_SEARCH_PATHS = (
					"$(SRCROOT)/../shared/build/xcode-frameworks/$(CONFIGURATION)/$(SDK_NAME)\n$(SRCROOT)/../shared/build/xcode-frameworks/$(CONFIGURATION)/$(SDK_NAME)\n$(SRCROOT)/../shared/build/xcode-frameworks/$(CONFIGURATION)/$(SDK_NAME)",
				);
				INFOPLIST_FILE = iosApp/Info.plist;
				IPHONEOS_DEPLOYMENT_TARGET = 16.0;
				LD_RUNPATH_SEARCH_PATHS = (
					"$(inherited)",
					"@executable_path/Frameworks",
				);
				OTHER_LDFLAGS = (
					"$(inherited)",
					"-framework",
					shared,
					"-ObjC",
				);
				PRODUCT_BUNDLE_IDENTIFIER = "${BUNDLE_ID}${TEAM_ID}";
				"PRODUCT_BUNDLE_IDENTIFIER[sdk=iphoneos*]" = com.funnelmink.crm.dev;
				PRODUCT_NAME = "${APP_NAME}";
				PROVISIONING_PROFILE_SPECIFIER = "";
				SWIFT_VERSION = 5.0;
				TARGETED_DEVICE_FAMILY = "1,2";
			};
			name = Dev;
		};
		0DBB67522B4FA22400CFE9A5 /* Prod */ = {
			isa = XCBuildConfiguration;
			baseConfigurationReference = AB3632DC29227652001CCB65 /* DebugConfig.xcconfig */;
			buildSettings = {
				ALWAYS_SEARCH_USER_PATHS = NO;
				ASSETCATALOG_COMPILER_GENERATE_SWIFT_ASSET_SYMBOL_EXTENSIONS = YES;
				CLANG_ANALYZER_NONNULL = YES;
				CLANG_ANALYZER_NUMBER_OBJECT_CONVERSION = YES_AGGRESSIVE;
				CLANG_CXX_LANGUAGE_STANDARD = "gnu++14";
				CLANG_CXX_LIBRARY = "libc++";
				CLANG_ENABLE_MODULES = YES;
				CLANG_ENABLE_OBJC_ARC = YES;
				CLANG_ENABLE_OBJC_WEAK = YES;
				CLANG_WARN_BLOCK_CAPTURE_AUTORELEASING = YES;
				CLANG_WARN_BOOL_CONVERSION = YES;
				CLANG_WARN_COMMA = YES;
				CLANG_WARN_CONSTANT_CONVERSION = YES;
				CLANG_WARN_DEPRECATED_OBJC_IMPLEMENTATIONS = YES;
				CLANG_WARN_DIRECT_OBJC_ISA_USAGE = YES_ERROR;
				CLANG_WARN_DOCUMENTATION_COMMENTS = YES;
				CLANG_WARN_EMPTY_BODY = YES;
				CLANG_WARN_ENUM_CONVERSION = YES;
				CLANG_WARN_INFINITE_RECURSION = YES;
				CLANG_WARN_INT_CONVERSION = YES;
				CLANG_WARN_NON_LITERAL_NULL_CONVERSION = YES;
				CLANG_WARN_OBJC_IMPLICIT_RETAIN_SELF = YES;
				CLANG_WARN_OBJC_LITERAL_CONVERSION = YES;
				CLANG_WARN_OBJC_ROOT_CLASS = YES_ERROR;
				CLANG_WARN_QUOTED_INCLUDE_IN_FRAMEWORK_HEADER = YES;
				CLANG_WARN_RANGE_LOOP_ANALYSIS = YES;
				CLANG_WARN_STRICT_PROTOTYPES = YES;
				CLANG_WARN_SUSPICIOUS_MOVE = YES;
				CLANG_WARN_UNGUARDED_AVAILABILITY = YES_AGGRESSIVE;
				CLANG_WARN_UNREACHABLE_CODE = YES;
				CLANG_WARN__DUPLICATE_METHOD_MATCH = YES;
				COPY_PHASE_STRIP = NO;
				DEBUG_INFORMATION_FORMAT = "dwarf-with-dsym";
				ENABLE_STRICT_OBJC_MSGSEND = YES;
				ENABLE_TESTABILITY = YES;
				ENABLE_USER_SCRIPT_SANDBOXING = NO;
				GCC_C_LANGUAGE_STANDARD = gnu11;
				GCC_DYNAMIC_NO_PIC = NO;
				GCC_NO_COMMON_BLOCKS = YES;
				GCC_OPTIMIZATION_LEVEL = 0;
				GCC_PREPROCESSOR_DEFINITIONS = (
					"DEBUG=1",
					"$(inherited)",
				);
				GCC_WARN_64_TO_32_BIT_CONVERSION = YES;
				GCC_WARN_ABOUT_RETURN_TYPE = YES_ERROR;
				GCC_WARN_UNDECLARED_SELECTOR = YES;
				GCC_WARN_UNINITIALIZED_AUTOS = YES_AGGRESSIVE;
				GCC_WARN_UNUSED_FUNCTION = YES;
				GCC_WARN_UNUSED_VARIABLE = YES;
				IPHONEOS_DEPLOYMENT_TARGET = 16.0;
				MTL_ENABLE_DEBUG_INFO = INCLUDE_SOURCE;
				MTL_FAST_MATH = YES;
				ONLY_ACTIVE_ARCH = YES;
				SDKROOT = iphoneos;
				SWIFT_ACTIVE_COMPILATION_CONDITIONS = DEBUG;
				SWIFT_OBJC_BRIDGING_HEADER = "configuration/funnelmink-Bridging-Header.h";
				SWIFT_OPTIMIZATION_LEVEL = "-Onone";
			};
			name = Prod;
		};
		0DBB67532B4FA22400CFE9A5 /* Prod */ = {
			isa = XCBuildConfiguration;
			baseConfigurationReference = 0D012E982B47877A00658153 /* ProdEnvironment.xcconfig */;
			buildSettings = {
				ASSETCATALOG_COMPILER_APPICON_NAME = AppIconDEV;
				CODE_SIGN_ENTITLEMENTS = iosApp/iosApp.entitlements;
				CODE_SIGN_IDENTITY = "Apple Development";
				CODE_SIGN_STYLE = Automatic;
				DEVELOPMENT_ASSET_PATHS = "\"iosApp/Preview Content\"";
				DEVELOPMENT_TEAM = V25QP7X3PV;
				ENABLE_PREVIEWS = YES;
				FRAMEWORK_SEARCH_PATHS = (
					"$(SRCROOT)/../shared/build/xcode-frameworks/$(CONFIGURATION)/$(SDK_NAME)\n$(SRCROOT)/../shared/build/xcode-frameworks/$(CONFIGURATION)/$(SDK_NAME)\n$(SRCROOT)/../shared/build/xcode-frameworks/$(CONFIGURATION)/$(SDK_NAME)",
				);
				INFOPLIST_FILE = iosApp/Info.plist;
				IPHONEOS_DEPLOYMENT_TARGET = 16.0;
				LD_RUNPATH_SEARCH_PATHS = (
					"$(inherited)",
					"@executable_path/Frameworks",
				);
				OTHER_LDFLAGS = (
					"$(inherited)",
					"-framework",
					shared,
					"-ObjC",
				);
				PRODUCT_BUNDLE_IDENTIFIER = "${BUNDLE_ID}${TEAM_ID}";
				"PRODUCT_BUNDLE_IDENTIFIER[sdk=iphoneos*]" = com.funnelmink.crm.dev;
				PRODUCT_NAME = "${APP_NAME}";
				PROVISIONING_PROFILE_SPECIFIER = "";
				SWIFT_VERSION = 5.0;
				TARGETED_DEVICE_FAMILY = "1,2";
			};
			name = Prod;
		};
		0DBB67542B4FA22E00CFE9A5 /* Prod Release */ = {
			isa = XCBuildConfiguration;
			baseConfigurationReference = 0DBB67562B4FA39B00CFE9A5 /* ReleaseConfig.xcconfig */;
			buildSettings = {
				ALWAYS_SEARCH_USER_PATHS = NO;
				ASSETCATALOG_COMPILER_GENERATE_SWIFT_ASSET_SYMBOL_EXTENSIONS = YES;
				CLANG_ANALYZER_NONNULL = YES;
				CLANG_ANALYZER_NUMBER_OBJECT_CONVERSION = YES_AGGRESSIVE;
				CLANG_CXX_LANGUAGE_STANDARD = "gnu++14";
				CLANG_CXX_LIBRARY = "libc++";
				CLANG_ENABLE_MODULES = YES;
				CLANG_ENABLE_OBJC_ARC = YES;
				CLANG_ENABLE_OBJC_WEAK = YES;
				CLANG_WARN_BLOCK_CAPTURE_AUTORELEASING = YES;
				CLANG_WARN_BOOL_CONVERSION = YES;
				CLANG_WARN_COMMA = YES;
				CLANG_WARN_CONSTANT_CONVERSION = YES;
				CLANG_WARN_DEPRECATED_OBJC_IMPLEMENTATIONS = YES;
				CLANG_WARN_DIRECT_OBJC_ISA_USAGE = YES_ERROR;
				CLANG_WARN_DOCUMENTATION_COMMENTS = YES;
				CLANG_WARN_EMPTY_BODY = YES;
				CLANG_WARN_ENUM_CONVERSION = YES;
				CLANG_WARN_INFINITE_RECURSION = YES;
				CLANG_WARN_INT_CONVERSION = YES;
				CLANG_WARN_NON_LITERAL_NULL_CONVERSION = YES;
				CLANG_WARN_OBJC_IMPLICIT_RETAIN_SELF = YES;
				CLANG_WARN_OBJC_LITERAL_CONVERSION = YES;
				CLANG_WARN_OBJC_ROOT_CLASS = YES_ERROR;
				CLANG_WARN_QUOTED_INCLUDE_IN_FRAMEWORK_HEADER = YES;
				CLANG_WARN_RANGE_LOOP_ANALYSIS = YES;
				CLANG_WARN_STRICT_PROTOTYPES = YES;
				CLANG_WARN_SUSPICIOUS_MOVE = YES;
				CLANG_WARN_UNGUARDED_AVAILABILITY = YES_AGGRESSIVE;
				CLANG_WARN_UNREACHABLE_CODE = YES;
				CLANG_WARN__DUPLICATE_METHOD_MATCH = YES;
				COPY_PHASE_STRIP = NO;
				DEBUG_INFORMATION_FORMAT = "dwarf-with-dsym";
				ENABLE_NS_ASSERTIONS = NO;
				ENABLE_STRICT_OBJC_MSGSEND = YES;
				ENABLE_USER_SCRIPT_SANDBOXING = NO;
				GCC_C_LANGUAGE_STANDARD = gnu11;
				GCC_NO_COMMON_BLOCKS = YES;
				GCC_WARN_64_TO_32_BIT_CONVERSION = YES;
				GCC_WARN_ABOUT_RETURN_TYPE = YES_ERROR;
				GCC_WARN_UNDECLARED_SELECTOR = YES;
				GCC_WARN_UNINITIALIZED_AUTOS = YES_AGGRESSIVE;
				GCC_WARN_UNUSED_FUNCTION = YES;
				GCC_WARN_UNUSED_VARIABLE = YES;
				IPHONEOS_DEPLOYMENT_TARGET = 16.0;
				MTL_ENABLE_DEBUG_INFO = NO;
				MTL_FAST_MATH = YES;
				SDKROOT = iphoneos;
				SWIFT_COMPILATION_MODE = wholemodule;
				SWIFT_OBJC_BRIDGING_HEADER = "configuration/funnelmink-Bridging-Header.h";
				SWIFT_OPTIMIZATION_LEVEL = "-O";
				VALIDATE_PRODUCT = YES;
			};
			name = "Prod Release";
		};
		0DBB67552B4FA22E00CFE9A5 /* Prod Release */ = {
			isa = XCBuildConfiguration;
			baseConfigurationReference = 0D012E982B47877A00658153 /* ProdEnvironment.xcconfig */;
			buildSettings = {
				ASSETCATALOG_COMPILER_APPICON_NAME = AppIconDEV;
				CODE_SIGN_ENTITLEMENTS = iosApp/iosApp.entitlements;
				CODE_SIGN_IDENTITY = "Apple Development";
				CODE_SIGN_STYLE = Automatic;
				DEVELOPMENT_ASSET_PATHS = "\"iosApp/Preview Content\"";
				DEVELOPMENT_TEAM = V25QP7X3PV;
				ENABLE_PREVIEWS = YES;
				FRAMEWORK_SEARCH_PATHS = (
					"$(SRCROOT)/../shared/build/xcode-frameworks/$(CONFIGURATION)/$(SDK_NAME)\n$(SRCROOT)/../shared/build/xcode-frameworks/$(CONFIGURATION)/$(SDK_NAME)\n$(SRCROOT)/../shared/build/xcode-frameworks/$(CONFIGURATION)/$(SDK_NAME)",
				);
				INFOPLIST_FILE = iosApp/Info.plist;
				IPHONEOS_DEPLOYMENT_TARGET = 16.0;
				LD_RUNPATH_SEARCH_PATHS = (
					"$(inherited)",
					"@executable_path/Frameworks",
				);
				OTHER_LDFLAGS = (
					"$(inherited)",
					"-framework",
					shared,
					"-ObjC",
				);
				PRODUCT_BUNDLE_IDENTIFIER = "${BUNDLE_ID}${TEAM_ID}";
				"PRODUCT_BUNDLE_IDENTIFIER[sdk=iphoneos*]" = com.funnelmink.crm.dev;
				PRODUCT_NAME = "${APP_NAME}";
				PROVISIONING_PROFILE_SPECIFIER = "";
				SWIFT_VERSION = 5.0;
				TARGETED_DEVICE_FAMILY = "1,2";
			};
			name = "Prod Release";
		};
		7555FFA3242A565B00829871 /* Local */ = {
			isa = XCBuildConfiguration;
			baseConfigurationReference = AB3632DC29227652001CCB65 /* DebugConfig.xcconfig */;
			buildSettings = {
				ALWAYS_SEARCH_USER_PATHS = NO;
				ASSETCATALOG_COMPILER_GENERATE_SWIFT_ASSET_SYMBOL_EXTENSIONS = YES;
				CLANG_ANALYZER_NONNULL = YES;
				CLANG_ANALYZER_NUMBER_OBJECT_CONVERSION = YES_AGGRESSIVE;
				CLANG_CXX_LANGUAGE_STANDARD = "gnu++14";
				CLANG_CXX_LIBRARY = "libc++";
				CLANG_ENABLE_MODULES = YES;
				CLANG_ENABLE_OBJC_ARC = YES;
				CLANG_ENABLE_OBJC_WEAK = YES;
				CLANG_WARN_BLOCK_CAPTURE_AUTORELEASING = YES;
				CLANG_WARN_BOOL_CONVERSION = YES;
				CLANG_WARN_COMMA = YES;
				CLANG_WARN_CONSTANT_CONVERSION = YES;
				CLANG_WARN_DEPRECATED_OBJC_IMPLEMENTATIONS = YES;
				CLANG_WARN_DIRECT_OBJC_ISA_USAGE = YES_ERROR;
				CLANG_WARN_DOCUMENTATION_COMMENTS = YES;
				CLANG_WARN_EMPTY_BODY = YES;
				CLANG_WARN_ENUM_CONVERSION = YES;
				CLANG_WARN_INFINITE_RECURSION = YES;
				CLANG_WARN_INT_CONVERSION = YES;
				CLANG_WARN_NON_LITERAL_NULL_CONVERSION = YES;
				CLANG_WARN_OBJC_IMPLICIT_RETAIN_SELF = YES;
				CLANG_WARN_OBJC_LITERAL_CONVERSION = YES;
				CLANG_WARN_OBJC_ROOT_CLASS = YES_ERROR;
				CLANG_WARN_QUOTED_INCLUDE_IN_FRAMEWORK_HEADER = YES;
				CLANG_WARN_RANGE_LOOP_ANALYSIS = YES;
				CLANG_WARN_STRICT_PROTOTYPES = YES;
				CLANG_WARN_SUSPICIOUS_MOVE = YES;
				CLANG_WARN_UNGUARDED_AVAILABILITY = YES_AGGRESSIVE;
				CLANG_WARN_UNREACHABLE_CODE = YES;
				CLANG_WARN__DUPLICATE_METHOD_MATCH = YES;
				COPY_PHASE_STRIP = NO;
				DEBUG_INFORMATION_FORMAT = "dwarf-with-dsym";
				ENABLE_STRICT_OBJC_MSGSEND = YES;
				ENABLE_TESTABILITY = YES;
				ENABLE_USER_SCRIPT_SANDBOXING = NO;
				GCC_C_LANGUAGE_STANDARD = gnu11;
				GCC_DYNAMIC_NO_PIC = NO;
				GCC_NO_COMMON_BLOCKS = YES;
				GCC_OPTIMIZATION_LEVEL = 0;
				GCC_PREPROCESSOR_DEFINITIONS = (
					"DEBUG=1",
					"$(inherited)",
				);
				GCC_WARN_64_TO_32_BIT_CONVERSION = YES;
				GCC_WARN_ABOUT_RETURN_TYPE = YES_ERROR;
				GCC_WARN_UNDECLARED_SELECTOR = YES;
				GCC_WARN_UNINITIALIZED_AUTOS = YES_AGGRESSIVE;
				GCC_WARN_UNUSED_FUNCTION = YES;
				GCC_WARN_UNUSED_VARIABLE = YES;
				IPHONEOS_DEPLOYMENT_TARGET = 16.0;
				MTL_ENABLE_DEBUG_INFO = INCLUDE_SOURCE;
				MTL_FAST_MATH = YES;
				ONLY_ACTIVE_ARCH = YES;
				SDKROOT = iphoneos;
				SWIFT_ACTIVE_COMPILATION_CONDITIONS = DEBUG;
				SWIFT_OBJC_BRIDGING_HEADER = "configuration/funnelmink-Bridging-Header.h";
				SWIFT_OPTIMIZATION_LEVEL = "-Onone";
			};
			name = Local;
		};
		7555FFA4242A565B00829871 /* Dev Release */ = {
			isa = XCBuildConfiguration;
			baseConfigurationReference = 0DBB67562B4FA39B00CFE9A5 /* ReleaseConfig.xcconfig */;
			buildSettings = {
				ALWAYS_SEARCH_USER_PATHS = NO;
				ASSETCATALOG_COMPILER_GENERATE_SWIFT_ASSET_SYMBOL_EXTENSIONS = YES;
				CLANG_ANALYZER_NONNULL = YES;
				CLANG_ANALYZER_NUMBER_OBJECT_CONVERSION = YES_AGGRESSIVE;
				CLANG_CXX_LANGUAGE_STANDARD = "gnu++14";
				CLANG_CXX_LIBRARY = "libc++";
				CLANG_ENABLE_MODULES = YES;
				CLANG_ENABLE_OBJC_ARC = YES;
				CLANG_ENABLE_OBJC_WEAK = YES;
				CLANG_WARN_BLOCK_CAPTURE_AUTORELEASING = YES;
				CLANG_WARN_BOOL_CONVERSION = YES;
				CLANG_WARN_COMMA = YES;
				CLANG_WARN_CONSTANT_CONVERSION = YES;
				CLANG_WARN_DEPRECATED_OBJC_IMPLEMENTATIONS = YES;
				CLANG_WARN_DIRECT_OBJC_ISA_USAGE = YES_ERROR;
				CLANG_WARN_DOCUMENTATION_COMMENTS = YES;
				CLANG_WARN_EMPTY_BODY = YES;
				CLANG_WARN_ENUM_CONVERSION = YES;
				CLANG_WARN_INFINITE_RECURSION = YES;
				CLANG_WARN_INT_CONVERSION = YES;
				CLANG_WARN_NON_LITERAL_NULL_CONVERSION = YES;
				CLANG_WARN_OBJC_IMPLICIT_RETAIN_SELF = YES;
				CLANG_WARN_OBJC_LITERAL_CONVERSION = YES;
				CLANG_WARN_OBJC_ROOT_CLASS = YES_ERROR;
				CLANG_WARN_QUOTED_INCLUDE_IN_FRAMEWORK_HEADER = YES;
				CLANG_WARN_RANGE_LOOP_ANALYSIS = YES;
				CLANG_WARN_STRICT_PROTOTYPES = YES;
				CLANG_WARN_SUSPICIOUS_MOVE = YES;
				CLANG_WARN_UNGUARDED_AVAILABILITY = YES_AGGRESSIVE;
				CLANG_WARN_UNREACHABLE_CODE = YES;
				CLANG_WARN__DUPLICATE_METHOD_MATCH = YES;
				COPY_PHASE_STRIP = NO;
				DEBUG_INFORMATION_FORMAT = "dwarf-with-dsym";
				ENABLE_NS_ASSERTIONS = NO;
				ENABLE_STRICT_OBJC_MSGSEND = YES;
				ENABLE_USER_SCRIPT_SANDBOXING = NO;
				GCC_C_LANGUAGE_STANDARD = gnu11;
				GCC_NO_COMMON_BLOCKS = YES;
				GCC_WARN_64_TO_32_BIT_CONVERSION = YES;
				GCC_WARN_ABOUT_RETURN_TYPE = YES_ERROR;
				GCC_WARN_UNDECLARED_SELECTOR = YES;
				GCC_WARN_UNINITIALIZED_AUTOS = YES_AGGRESSIVE;
				GCC_WARN_UNUSED_FUNCTION = YES;
				GCC_WARN_UNUSED_VARIABLE = YES;
				IPHONEOS_DEPLOYMENT_TARGET = 16.0;
				MTL_ENABLE_DEBUG_INFO = NO;
				MTL_FAST_MATH = YES;
				SDKROOT = iphoneos;
				SWIFT_COMPILATION_MODE = wholemodule;
				SWIFT_OBJC_BRIDGING_HEADER = "configuration/funnelmink-Bridging-Header.h";
				SWIFT_OPTIMIZATION_LEVEL = "-O";
				VALIDATE_PRODUCT = YES;
			};
			name = "Dev Release";
		};
		7555FFA6242A565B00829871 /* Local */ = {
			isa = XCBuildConfiguration;
			baseConfigurationReference = 0D012E992B47877B00658153 /* LocalEnvironment.xcconfig */;
			buildSettings = {
				ASSETCATALOG_COMPILER_APPICON_NAME = AppIconDEV;
				CODE_SIGN_ENTITLEMENTS = iosApp/iosApp.entitlements;
				CODE_SIGN_IDENTITY = "Apple Development";
				CODE_SIGN_STYLE = Automatic;
				DEVELOPMENT_ASSET_PATHS = "\"iosApp/Preview Content\"";
				DEVELOPMENT_TEAM = V25QP7X3PV;
				ENABLE_PREVIEWS = YES;
				FRAMEWORK_SEARCH_PATHS = (
					"$(SRCROOT)/../shared/build/xcode-frameworks/$(CONFIGURATION)/$(SDK_NAME)\n$(SRCROOT)/../shared/build/xcode-frameworks/$(CONFIGURATION)/$(SDK_NAME)\n$(SRCROOT)/../shared/build/xcode-frameworks/$(CONFIGURATION)/$(SDK_NAME)",
				);
				INFOPLIST_FILE = iosApp/Info.plist;
				IPHONEOS_DEPLOYMENT_TARGET = 16.0;
				LD_RUNPATH_SEARCH_PATHS = (
					"$(inherited)",
					"@executable_path/Frameworks",
				);
				OTHER_LDFLAGS = (
					"$(inherited)",
					"-framework",
					shared,
					"-ObjC",
				);
				PRODUCT_BUNDLE_IDENTIFIER = "${BUNDLE_ID}${TEAM_ID}";
				"PRODUCT_BUNDLE_IDENTIFIER[sdk=iphoneos*]" = com.funnelmink.crm.dev;
				PRODUCT_NAME = "${APP_NAME}";
				PROVISIONING_PROFILE_SPECIFIER = "";
				SWIFT_VERSION = 5.0;
				TARGETED_DEVICE_FAMILY = "1,2";
			};
			name = Local;
		};
		7555FFA7242A565B00829871 /* Dev Release */ = {
			isa = XCBuildConfiguration;
			baseConfigurationReference = 0DBB674E2B4FA1FF00CFE9A5 /* DevEnvironment.xcconfig */;
			buildSettings = {
				ASSETCATALOG_COMPILER_APPICON_NAME = AppIconDEV;
				CODE_SIGN_ENTITLEMENTS = iosApp/iosApp.entitlements;
				CODE_SIGN_IDENTITY = "Apple Development";
				CODE_SIGN_STYLE = Automatic;
				DEVELOPMENT_ASSET_PATHS = "\"iosApp/Preview Content\"";
				DEVELOPMENT_TEAM = V25QP7X3PV;
				ENABLE_PREVIEWS = YES;
				FRAMEWORK_SEARCH_PATHS = (
					"$(SRCROOT)/../shared/build/xcode-frameworks/$(CONFIGURATION)/$(SDK_NAME)\n$(SRCROOT)/../shared/build/xcode-frameworks/$(CONFIGURATION)/$(SDK_NAME)\n$(SRCROOT)/../shared/build/xcode-frameworks/$(CONFIGURATION)/$(SDK_NAME)",
				);
				INFOPLIST_FILE = iosApp/Info.plist;
				IPHONEOS_DEPLOYMENT_TARGET = 16.0;
				LD_RUNPATH_SEARCH_PATHS = (
					"$(inherited)",
					"@executable_path/Frameworks",
				);
				OTHER_LDFLAGS = (
					"$(inherited)",
					"-framework",
					shared,
					"-ObjC",
				);
				PRODUCT_BUNDLE_IDENTIFIER = "${BUNDLE_ID}${TEAM_ID}";
				"PRODUCT_BUNDLE_IDENTIFIER[sdk=iphoneos*]" = com.funnelmink.crm.dev;
				PRODUCT_NAME = "${APP_NAME}";
				PROVISIONING_PROFILE_SPECIFIER = "";
				SWIFT_VERSION = 5.0;
				TARGETED_DEVICE_FAMILY = "1,2";
			};
			name = "Dev Release";
		};
/* End XCBuildConfiguration section */

/* Begin XCConfigurationList section */
		7555FF76242A565900829871 /* Build configuration list for PBXProject "iosApp" */ = {
			isa = XCConfigurationList;
			buildConfigurations = (
				7555FFA3242A565B00829871 /* Local */,
				0DBB67522B4FA22400CFE9A5 /* Prod */,
				0DBB67502B4FA21B00CFE9A5 /* Dev */,
				0D509B1F2B7EEFA800DAC209 /* Debug */,
				7555FFA4242A565B00829871 /* Dev Release */,
				0DBB67542B4FA22E00CFE9A5 /* Prod Release */,
			);
			defaultConfigurationIsVisible = 0;
			defaultConfigurationName = "Prod Release";
		};
		7555FFA5242A565B00829871 /* Build configuration list for PBXNativeTarget "iosApp" */ = {
			isa = XCConfigurationList;
			buildConfigurations = (
				7555FFA6242A565B00829871 /* Local */,
				0DBB67532B4FA22400CFE9A5 /* Prod */,
				0DBB67512B4FA21B00CFE9A5 /* Dev */,
				0D509B202B7EEFA800DAC209 /* Debug */,
				7555FFA7242A565B00829871 /* Dev Release */,
				0DBB67552B4FA22E00CFE9A5 /* Prod Release */,
			);
			defaultConfigurationIsVisible = 0;
			defaultConfigurationName = "Prod Release";
		};
/* End XCConfigurationList section */

/* Begin XCRemoteSwiftPackageReference section */
		0DE9E0A52B60E9E500B8288F /* XCRemoteSwiftPackageReference "Kingfisher" */ = {
			isa = XCRemoteSwiftPackageReference;
			repositoryURL = "https://github.com/onevcat/Kingfisher.git";
			requirement = {
				kind = upToNextMajorVersion;
				minimumVersion = 7.10.2;
			};
		};
		1FA27F7D2B5CAD7700A447C3 /* XCRemoteSwiftPackageReference "lottie-ios" */ = {
			isa = XCRemoteSwiftPackageReference;
			repositoryURL = "https://github.com/airbnb/lottie-ios";
			requirement = {
				kind = upToNextMajorVersion;
				minimumVersion = 4.3.4;
			};
		};
/* End XCRemoteSwiftPackageReference section */

/* Begin XCSwiftPackageProductDependency section */
		0DE9E0A62B60E9E500B8288F /* Kingfisher */ = {
			isa = XCSwiftPackageProductDependency;
			package = 0DE9E0A52B60E9E500B8288F /* XCRemoteSwiftPackageReference "Kingfisher" */;
			productName = Kingfisher;
		};
		1FA27F7E2B5CAD7700A447C3 /* Lottie */ = {
			isa = XCSwiftPackageProductDependency;
			package = 1FA27F7D2B5CAD7700A447C3 /* XCRemoteSwiftPackageReference "lottie-ios" */;
			productName = Lottie;
		};
/* End XCSwiftPackageProductDependency section */
	};
	rootObject = 7555FF73242A565900829871 /* Project object */;
}
